
Microsoft Visual Studio Solution File, Format Version 11.00
# Visual Studio 2010
Project("{FAE04EC0-301F-11D3-BF4B-00C04F79EFBC}") = "AM_IDM_Plugin", "AM_IDM_Plugin\AM_IDM_Plugin.csproj", "{AA0848C0-5407-4ED6-9FE4-720BF6E63BAE}"
EndProject
Global
	GlobalSection(SolutionConfigurationPlatforms) = preSolution
		Debug|x86 = Debug|x86
		Release|x86 = Release|x86
	EndGlobalSection
	GlobalSection(ProjectConfigurationPlatforms) = postSolution
		{AA0848C0-5407-4ED6-9FE4-720BF6E63BAE}.Debug|x86.ActiveCfg = Debug|x86
		{AA0848C0-5407-4ED6-9FE4-720BF6E63BAE}.Debug|x86.Build.0 = Debug|x86
		{AA0848C0-5407-4ED6-9FE4-720BF6E63BAE}.Release|x86.ActiveCfg = Release|x86
		{AA0848C0-5407-4ED6-9FE4-720BF6E63BAE}.Release|x86.Build.0 = Release|x86
	EndGlobalSection
	GlobalSection(SolutionProperties) = preSolution
		HideSolutionNode = FALSE
	EndGlobalSection
EndGlobal
