Microsoft Visual Studio Solution File, Format Version 12.00
# Visual Studio 2013
VisualStudioVersion = 12.0.31101.0
MinimumVisualStudioVersion = 10.0.40219.1
Project("{F184B08F-C81C-45F6-A57F-5ABD9991F28F}") = "AnalysisManagerProg_Debug", "AnalysisManagerProg_Debug.vbproj", "{A939D260-136F-4400-8750-1B3E9E57F2F8}"
EndProject
Project("{F184B08F-C81C-45F6-A57F-5ABD9991F28F}") = "AM_Shared", "AM_Shared\AM_Shared.vbproj", "{35B6B79E-C3B0-4E3A-B3ED-64167A470D7E}"
EndProject
Project("{FAE04EC0-301F-11D3-BF4B-00C04F79EFBC}") = "AnalysisManagerBrukerDAExportPlugin", "..\Plugins\AM_Bruker_DA_Export\AnalysisManagerBrukerDAExportPlugin.csproj", "{BC82FA0C-5BB5-4D84-BB6B-5F6B3E0670DB}"
EndProject
Project("{FAE04EC0-301F-11D3-BF4B-00C04F79EFBC}") = "AnalysisManagerNOMSIPlugin", "..\Plugins\AM_NOMSI\AnalysisManagerNOMSIPlugin.csproj", "{E3C76058-381B-4F60-97E5-879A8F634BDA}"
EndProject
Global
	GlobalSection(SolutionConfigurationPlatforms) = preSolution
		Debug|Any CPU = Debug|Any CPU
		Debug|Mixed Platforms = Debug|Mixed Platforms
		Debug|x86 = Debug|x86
		Release|Any CPU = Release|Any CPU
		Release|Mixed Platforms = Release|Mixed Platforms
		Release|x86 = Release|x86
	EndGlobalSection
	GlobalSection(ProjectConfigurationPlatforms) = postSolution
		{A939D260-136F-4400-8750-1B3E9E57F2F8}.Debug|Any CPU.ActiveCfg = Debug|x86
		{A939D260-136F-4400-8750-1B3E9E57F2F8}.Debug|Mixed Platforms.ActiveCfg = Debug|x86
		{A939D260-136F-4400-8750-1B3E9E57F2F8}.Debug|Mixed Platforms.Build.0 = Debug|x86
		{A939D260-136F-4400-8750-1B3E9E57F2F8}.Debug|x86.ActiveCfg = Debug|x86
		{A939D260-136F-4400-8750-1B3E9E57F2F8}.Debug|x86.Build.0 = Debug|x86
		{A939D260-136F-4400-8750-1B3E9E57F2F8}.Release|Any CPU.ActiveCfg = Release|x86
		{A939D260-136F-4400-8750-1B3E9E57F2F8}.Release|Mixed Platforms.ActiveCfg = Release|x86
		{A939D260-136F-4400-8750-1B3E9E57F2F8}.Release|Mixed Platforms.Build.0 = Release|x86
		{A939D260-136F-4400-8750-1B3E9E57F2F8}.Release|x86.ActiveCfg = Release|x86
		{A939D260-136F-4400-8750-1B3E9E57F2F8}.Release|x86.Build.0 = Release|x86
		{35B6B79E-C3B0-4E3A-B3ED-64167A470D7E}.Debug|Any CPU.ActiveCfg = Debug|x86
		{35B6B79E-C3B0-4E3A-B3ED-64167A470D7E}.Debug|Mixed Platforms.ActiveCfg = Debug|x86
		{35B6B79E-C3B0-4E3A-B3ED-64167A470D7E}.Debug|Mixed Platforms.Build.0 = Debug|x86
		{35B6B79E-C3B0-4E3A-B3ED-64167A470D7E}.Debug|x86.ActiveCfg = Debug|x86
		{35B6B79E-C3B0-4E3A-B3ED-64167A470D7E}.Debug|x86.Build.0 = Debug|x86
		{35B6B79E-C3B0-4E3A-B3ED-64167A470D7E}.Release|Any CPU.ActiveCfg = Release|x86
		{35B6B79E-C3B0-4E3A-B3ED-64167A470D7E}.Release|Mixed Platforms.ActiveCfg = Release|x86
		{35B6B79E-C3B0-4E3A-B3ED-64167A470D7E}.Release|Mixed Platforms.Build.0 = Release|x86
		{35B6B79E-C3B0-4E3A-B3ED-64167A470D7E}.Release|x86.ActiveCfg = Release|x86
		{35B6B79E-C3B0-4E3A-B3ED-64167A470D7E}.Release|x86.Build.0 = Release|x86
		{BC82FA0C-5BB5-4D84-BB6B-5F6B3E0670DB}.Debug|Any CPU.ActiveCfg = Debug|x86
		{BC82FA0C-5BB5-4D84-BB6B-5F6B3E0670DB}.Debug|Mixed Platforms.ActiveCfg = Debug|x86
		{BC82FA0C-5BB5-4D84-BB6B-5F6B3E0670DB}.Debug|Mixed Platforms.Build.0 = Debug|x86
		{BC82FA0C-5BB5-4D84-BB6B-5F6B3E0670DB}.Debug|x86.ActiveCfg = Debug|x86
		{BC82FA0C-5BB5-4D84-BB6B-5F6B3E0670DB}.Debug|x86.Build.0 = Debug|x86
		{BC82FA0C-5BB5-4D84-BB6B-5F6B3E0670DB}.Release|Any CPU.ActiveCfg = Release|x86
		{BC82FA0C-5BB5-4D84-BB6B-5F6B3E0670DB}.Release|Mixed Platforms.ActiveCfg = Release|x86
		{BC82FA0C-5BB5-4D84-BB6B-5F6B3E0670DB}.Release|Mixed Platforms.Build.0 = Release|x86
		{BC82FA0C-5BB5-4D84-BB6B-5F6B3E0670DB}.Release|x86.ActiveCfg = Release|x86
		{BC82FA0C-5BB5-4D84-BB6B-5F6B3E0670DB}.Release|x86.Build.0 = Release|x86
		{E3C76058-381B-4F60-97E5-879A8F634BDA}.Debug|Any CPU.ActiveCfg = Debug|x86
		{E3C76058-381B-4F60-97E5-879A8F634BDA}.Debug|Mixed Platforms.ActiveCfg = Debug|x86
		{E3C76058-381B-4F60-97E5-879A8F634BDA}.Debug|Mixed Platforms.Build.0 = Debug|x86
		{E3C76058-381B-4F60-97E5-879A8F634BDA}.Debug|x86.ActiveCfg = Debug|x86
		{E3C76058-381B-4F60-97E5-879A8F634BDA}.Debug|x86.Build.0 = Debug|x86
		{E3C76058-381B-4F60-97E5-879A8F634BDA}.Release|Any CPU.ActiveCfg = Release|x86
		{E3C76058-381B-4F60-97E5-879A8F634BDA}.Release|Mixed Platforms.ActiveCfg = Release|x86
		{E3C76058-381B-4F60-97E5-879A8F634BDA}.Release|Mixed Platforms.Build.0 = Release|x86
		{E3C76058-381B-4F60-97E5-879A8F634BDA}.Release|x86.ActiveCfg = Release|x86
		{E3C76058-381B-4F60-97E5-879A8F634BDA}.Release|x86.Build.0 = Release|x86
	EndGlobalSection
	GlobalSection(SolutionProperties) = preSolution
		HideSolutionNode = FALSE
	EndGlobalSection
EndGlobal
