Microsoft Visual Studio Solution File, Format Version 12.00
# Visual Studio 14
VisualStudioVersion = 14.0.25420.1
MinimumVisualStudioVersion = 10.0.40219.1
Project("{FAE04EC0-301F-11D3-BF4B-00C04F79EFBC}") = "AnalysisManagerProg_Debug", "AnalysisManagerProg_Debug.csproj", "{C9AA48CF-0DF2-4CE2-A333-3E92AFDC629F}"
EndProject
Project("{FAE04EC0-301F-11D3-BF4B-00C04F79EFBC}") = "AM_Shared", "AM_Shared\AM_Shared.csproj", "{18ADC755-B570-4571-8EF8-A539FC9EFB75}"
EndProject
Global
	GlobalSection(SolutionConfigurationPlatforms) = preSolution
		Debug|Any CPU = Debug|Any CPU
		Debug|x86 = Debug|x86
		Release|Any CPU = Release|Any CPU
		Release|x86 = Release|x86
	EndGlobalSection
	GlobalSection(ProjectConfigurationPlatforms) = postSolution
		{C9AA48CF-0DF2-4CE2-A333-3E92AFDC629F}.Debug|Any CPU.ActiveCfg = Debug|Any CPU
		{C9AA48CF-0DF2-4CE2-A333-3E92AFDC629F}.Debug|Any CPU.Build.0 = Debug|Any CPU
		{C9AA48CF-0DF2-4CE2-A333-3E92AFDC629F}.Debug|x86.ActiveCfg = Debug|Any CPU
		{C9AA48CF-0DF2-4CE2-A333-3E92AFDC629F}.Release|Any CPU.ActiveCfg = Release|Any CPU
		{C9AA48CF-0DF2-4CE2-A333-3E92AFDC629F}.Release|Any CPU.Build.0 = Release|Any CPU
		{C9AA48CF-0DF2-4CE2-A333-3E92AFDC629F}.Release|x86.ActiveCfg = Release|Any CPU
		{18ADC755-B570-4571-8EF8-A539FC9EFB75}.Debug|Any CPU.ActiveCfg = Debug|Any CPU
		{18ADC755-B570-4571-8EF8-A539FC9EFB75}.Debug|Any CPU.Build.0 = Debug|Any CPU
		{18ADC755-B570-4571-8EF8-A539FC9EFB75}.Debug|x86.ActiveCfg = Debug|Any CPU
		{18ADC755-B570-4571-8EF8-A539FC9EFB75}.Debug|x86.Build.0 = Debug|Any CPU
		{18ADC755-B570-4571-8EF8-A539FC9EFB75}.Release|Any CPU.ActiveCfg = Release|Any CPU
		{18ADC755-B570-4571-8EF8-A539FC9EFB75}.Release|Any CPU.Build.0 = Release|Any CPU
		{18ADC755-B570-4571-8EF8-A539FC9EFB75}.Release|x86.ActiveCfg = Release|Any CPU
		{18ADC755-B570-4571-8EF8-A539FC9EFB75}.Release|x86.Build.0 = Release|Any CPU
	EndGlobalSection
	GlobalSection(SolutionProperties) = preSolution
		HideSolutionNode = FALSE
	EndGlobalSection
EndGlobal
