
Microsoft Visual Studio Solution File, Format Version 10.00
# Visual Studio 2008
Project("{F184B08F-C81C-45F6-A57F-5ABD9991F28F}") = "AnalysisManagerProg", "AnalysisManagerProg.vbproj", "{A939D260-136F-4400-8750-1B3E9E57F2F8}"
EndProject
Project("{F184B08F-C81C-45F6-A57F-5ABD9991F28F}") = "AnalysisManagerICR2LSPlugIn", "..\AM_ICR2LS_PlugIn\AnalysisManagerICR2LSPlugIn.vbproj", "{55DB2CD1-1298-4414-8425-D79DEB7F8DE5}"
EndProject
Project("{F184B08F-C81C-45F6-A57F-5ABD9991F28F}") = "AnalysisManagerXTandemPlugIn", "..\AM_XTandem_PlugIn\AnalysisManagerXTandemPlugIn.vbproj", "{BD78C2C2-9834-47FF-B550-DD48A647F710}"
EndProject
Global
	GlobalSection(SolutionConfigurationPlatforms) = preSolution
		Debug|Any CPU = Debug|Any CPU
		Release|Any CPU = Release|Any CPU
	EndGlobalSection
	GlobalSection(ProjectConfigurationPlatforms) = postSolution
		{A939D260-136F-4400-8750-1B3E9E57F2F8}.Debug|Any CPU.ActiveCfg = Debug|Any CPU
		{A939D260-136F-4400-8750-1B3E9E57F2F8}.Debug|Any CPU.Build.0 = Debug|Any CPU
		{A939D260-136F-4400-8750-1B3E9E57F2F8}.Release|Any CPU.ActiveCfg = Release|Any CPU
		{A939D260-136F-4400-8750-1B3E9E57F2F8}.Release|Any CPU.Build.0 = Release|Any CPU
		{55DB2CD1-1298-4414-8425-D79DEB7F8DE5}.Debug|Any CPU.ActiveCfg = Debug|Any CPU
		{55DB2CD1-1298-4414-8425-D79DEB7F8DE5}.Debug|Any CPU.Build.0 = Debug|Any CPU
		{55DB2CD1-1298-4414-8425-D79DEB7F8DE5}.Release|Any CPU.ActiveCfg = Release|Any CPU
		{55DB2CD1-1298-4414-8425-D79DEB7F8DE5}.Release|Any CPU.Build.0 = Release|Any CPU
		{BD78C2C2-9834-47FF-B550-DD48A647F710}.Debug|Any CPU.ActiveCfg = Debug|Any CPU
		{BD78C2C2-9834-47FF-B550-DD48A647F710}.Debug|Any CPU.Build.0 = Debug|Any CPU
		{BD78C2C2-9834-47FF-B550-DD48A647F710}.Release|Any CPU.ActiveCfg = Release|Any CPU
		{BD78C2C2-9834-47FF-B550-DD48A647F710}.Release|Any CPU.Build.0 = Release|Any CPU
	EndGlobalSection
	GlobalSection(SolutionProperties) = preSolution
		HideSolutionNode = FALSE
	EndGlobalSection
EndGlobal
