Microsoft Visual Studio Solution File, Format Version 12.00
# Visual Studio 2013
VisualStudioVersion = 12.0.31101.0
MinimumVisualStudioVersion = 10.0.40219.1
Project("{F184B08F-C81C-45F6-A57F-5ABD9991F28F}") = "AnalysisManagerProg_Debug", "AnalysisManagerProg_Debug.vbproj", "{A939D260-136F-4400-8750-1B3E9E57F2F8}"
EndProject
Project("{F184B08F-C81C-45F6-A57F-5ABD9991F28F}") = "AM_Shared", "AM_Shared\AM_Shared.vbproj", "{35B6B79E-C3B0-4E3A-B3ED-64167A470D7E}"
EndProject
Project("{F184B08F-C81C-45F6-A57F-5ABD9991F28F}") = "AnalysisManagerMODPlusPlugin", "..\Plugins\AM_MODPlus_Plugin\AnalysisManagerMODPlusPlugin.vbproj", "{F797EDD0-F632-45B8-8421-1F4A3F50314A}"
EndProject
Global
	GlobalSection(SolutionConfigurationPlatforms) = preSolution
		Debug|Any CPU = Debug|Any CPU
		Debug|x86 = Debug|x86
		Release|Any CPU = Release|Any CPU
		Release|x86 = Release|x86
	EndGlobalSection
	GlobalSection(ProjectConfigurationPlatforms) = postSolution
		{A939D260-136F-4400-8750-1B3E9E57F2F8}.Debug|Any CPU.ActiveCfg = Debug|Any CPU
		{A939D260-136F-4400-8750-1B3E9E57F2F8}.Debug|Any CPU.Build.0 = Debug|Any CPU
		{A939D260-136F-4400-8750-1B3E9E57F2F8}.Debug|x86.ActiveCfg = Debug|x86
		{A939D260-136F-4400-8750-1B3E9E57F2F8}.Debug|x86.Build.0 = Debug|x86
		{A939D260-136F-4400-8750-1B3E9E57F2F8}.Release|Any CPU.ActiveCfg = Release|x86
		{A939D260-136F-4400-8750-1B3E9E57F2F8}.Release|x86.ActiveCfg = Release|x86
		{A939D260-136F-4400-8750-1B3E9E57F2F8}.Release|x86.Build.0 = Release|x86
		{35B6B79E-C3B0-4E3A-B3ED-64167A470D7E}.Debug|Any CPU.ActiveCfg = Debug|Any CPU
		{35B6B79E-C3B0-4E3A-B3ED-64167A470D7E}.Debug|Any CPU.Build.0 = Debug|Any CPU
		{35B6B79E-C3B0-4E3A-B3ED-64167A470D7E}.Debug|x86.ActiveCfg = Debug|Any CPU
		{35B6B79E-C3B0-4E3A-B3ED-64167A470D7E}.Release|Any CPU.ActiveCfg = Release|Any CPU
		{35B6B79E-C3B0-4E3A-B3ED-64167A470D7E}.Release|Any CPU.Build.0 = Release|Any CPU
		{35B6B79E-C3B0-4E3A-B3ED-64167A470D7E}.Release|x86.ActiveCfg = Release|Any CPU
		{F797EDD0-F632-45B8-8421-1F4A3F50314A}.Debug|Any CPU.ActiveCfg = Debug|Any CPU
		{F797EDD0-F632-45B8-8421-1F4A3F50314A}.Debug|Any CPU.Build.0 = Debug|Any CPU
		{F797EDD0-F632-45B8-8421-1F4A3F50314A}.Debug|x86.ActiveCfg = Debug|Any CPU
		{F797EDD0-F632-45B8-8421-1F4A3F50314A}.Release|Any CPU.ActiveCfg = Release|Any CPU
		{F797EDD0-F632-45B8-8421-1F4A3F50314A}.Release|Any CPU.Build.0 = Release|Any CPU
		{F797EDD0-F632-45B8-8421-1F4A3F50314A}.Release|x86.ActiveCfg = Release|Any CPU
	EndGlobalSection
	GlobalSection(SolutionProperties) = preSolution
		HideSolutionNode = FALSE
	EndGlobalSection
EndGlobal
