
Microsoft Visual Studio Solution File, Format Version 12.00
# Visual Studio Version 17
VisualStudioVersion = 17.0.32112.339
MinimumVisualStudioVersion = 10.0.40219.1
Project("{FAE04EC0-301F-11D3-BF4B-00C04F79EFBC}") = "AM_Shared", "AM_Shared\AM_Shared.csproj", "{35B6B79E-C3B0-4E3A-B3ED-64167A470D7E}"
EndProject
Project("{FAE04EC0-301F-11D3-BF4B-00C04F79EFBC}") = "AnalysisManagerProg_Debug", "AM_Program\AnalysisManagerProg_Debug.csproj", "{A939D260-136F-4400-8750-1B3E9E57F2F8}"
EndProject
Project("{F184B08F-C81C-45F6-A57F-5ABD9991F28F}") = "AnalysisManagerDecon2lsPlugIn", "Plugins\_Unused\AM_Decon2ls_PlugIn\AnalysisManagerDecon2lsPlugIn.vbproj", "{4E7586EC-4A03-433B-B98D-393DA95C020C}"
EndProject
Project("{F184B08F-C81C-45F6-A57F-5ABD9991F28F}") = "AnalysisManagerGlyQIQ_HPC_Plugin", "Plugins\_Unused\AM_GlyQIQ_HPC_Plugin\AnalysisManagerGlyQIQ_HPC_Plugin.vbproj", "{119FBDE1-C19F-4C46-B8B9-CB823CC6548B}"
EndProject
Project("{FAE04EC0-301F-11D3-BF4B-00C04F79EFBC}") = "AnalysisManagerICR2LSPlugIn", "Plugins\_Unused\AM_ICR2LS_PlugIn\AnalysisManagerICR2LSPlugIn.csproj", "{55DB2CD1-1298-4414-8425-D79DEB7F8DE5}"
EndProject
Project("{FAE04EC0-301F-11D3-BF4B-00C04F79EFBC}") = "AnalysisManager_IDP_PlugIn", "Plugins\_Unused\AM_IDP_PlugIn\AM_IDP_PlugIn\AnalysisManager_IDP_PlugIn.csproj", "{C0B0A764-AB8F-42AA-A1D3-F2ABA5A6D20C}"
EndProject
Project("{FAE04EC0-301F-11D3-BF4B-00C04F79EFBC}") = "AnalysisManagerInSpecTPlugIn", "Plugins\_Unused\AM_InSpecT_PlugIn\AnalysisManagerInSpecTPlugIn.csproj", "{C8422F47-9F58-4839-A211-61F763CD336C}"
EndProject
Project("{FAE04EC0-301F-11D3-BF4B-00C04F79EFBC}") = "AnalysisManagerInspResultsAssemblyPlugIn", "Plugins\_Unused\AM_InspectResultsAssembly_PlugIn\AnalysisManagerInspResultsAssemblyPlugIn.csproj", "{FA91A92B-057C-4728-9A6A-774CE004AB05}"
EndProject
Project("{F184B08F-C81C-45F6-A57F-5ABD9991F28F}") = "AnalysisManagerMSClusterDTAtoDATPlugIn", "Plugins\_Unused\AM_MSClusterDTAtoDAT_PlugIn\AnalysisManagerMSClusterDTAtoDATPlugIn.vbproj", "{3F3E6F05-5A92-4DEA-AC03-D4F35944639C}"
EndProject
Project("{F184B08F-C81C-45F6-A57F-5ABD9991F28F}") = "AnalysisManagerMSGFDB_IMSPlugIn", "Plugins\_Unused\AM_MSGFDB_IMS_Plugin\AnalysisManagerMSGFDB_IMSPlugIn.vbproj", "{4E84D857-B776-4CE9-A93B-2906C5996AF9}"
EndProject
Project("{FAE04EC0-301F-11D3-BF4B-00C04F79EFBC}") = "AnalysisManagerSequestPlugin", "Plugins\_Unused\AM_Sequest_PlugIn\AnalysisManagerSequestPlugin.csproj", "{C79A701C-1AE4-484A-A2AF-BD9CAA56661B}"
EndProject
Project("{F184B08F-C81C-45F6-A57F-5ABD9991F28F}") = "AnalysisManagerXTandemHPCPlugIn", "Plugins\_Unused\AM_XTandemHPC_PlugIn\AnalysisManagerXTandemHPCPlugIn.vbproj", "{E26245DB-FE3B-4CDB-8B39-B989BE7BE52C}"
EndProject
Project("{FAE04EC0-301F-11D3-BF4B-00C04F79EFBC}") = "AnalysisManagerMSGFDBPlugIn", "Plugins\AM_MSGFDB_PlugIn\AnalysisManagerMSGFDBPlugIn.csproj", "{44E81B35-BA39-47AD-9B67-FBAFC925CACA}"
EndProject
Project("{FAE04EC0-301F-11D3-BF4B-00C04F79EFBC}") = "AnalysisManagerPepProtProphetPlugIn", "Plugins\AM_PepProtProphet_Plugin\AnalysisManagerPepProtProphetPlugIn.csproj", "{CCE46827-B4EE-4CD7-B9B5-6500B5DEDF9B}"
EndProject
Project("{FAE04EC0-301F-11D3-BF4B-00C04F79EFBC}") = "AnalysisManagerMSFraggerPlugIn", "Plugins\AM_MSFragger_Plugin\AnalysisManagerMSFraggerPlugIn.csproj", "{DAE7C38E-A9AC-44C2-AC16-F3CEA558927D}"
EndProject
Project("{FAE04EC0-301F-11D3-BF4B-00C04F79EFBC}") = "AnalysisManagerDataImportPlugIn", "Plugins\_Unused\AM_DataImport_Plugin\AnalysisManagerDataImportPlugIn.csproj", "{9B826DC8-FCD9-4B28-A308-592F01FAC23C}"
EndProject
Project("{FAE04EC0-301F-11D3-BF4B-00C04F79EFBC}") = "AnalysisManagerDeconPeakDetectorPlugIn", "Plugins\_Unused\AM_DeconPeakDetector_PlugIn\AnalysisManagerDeconPeakDetectorPlugIn.csproj", "{C244E5E3-A545-4E6F-91FD-EB946E9BC229}"
EndProject
Project("{FAE04EC0-301F-11D3-BF4B-00C04F79EFBC}") = "AnalysisManagerDtaImportPlugIn", "Plugins\_Unused\AM_DTA_Import_PlugIn\AnalysisManagerDtaImportPlugIn.csproj", "{BD78C2C2-9834-47FF-B550-DD48A647F710}"
EndProject
Project("{FAE04EC0-301F-11D3-BF4B-00C04F79EFBC}") = "AnalysisManagerDtaSplitPlugIn", "Plugins\_Unused\AM_DTA_Split_PlugIn\AnalysisManagerDtaSplitPlugIn.csproj", "{2892CB95-88A4-498F-9BAE-517666A68318}"
EndProject
Project("{FAE04EC0-301F-11D3-BF4B-00C04F79EFBC}") = "AnalysisManagerLipidMapSearchPlugIn", "Plugins\_Unused\AM_LipidMapSearch_Plugin\AnalysisManagerLipidMapSearchPlugIn.csproj", "{ABBE557F-6955-4EFB-9892-8F028AD420DD}"
EndProject
Project("{FAE04EC0-301F-11D3-BF4B-00C04F79EFBC}") = "AnalysisManagerMSAlignHistonePlugin", "Plugins\_Unused\AM_MSAlign_Histone_Plugin\AnalysisManagerMSAlignHistonePlugin.csproj", "{146B6C50-F2D5-409C-B424-BCB1B6C421AD}"
EndProject
Project("{FAE04EC0-301F-11D3-BF4B-00C04F79EFBC}") = "AnalysisManagerMultiAlign_Aggregator_PlugIn", "Plugins\_Unused\AM_MultiAlign_Aggregator_PlugIn\AnalysisManagerMultiAlign_Aggregator_PlugIn.csproj", "{8101C095-C93A-4B5D-BACE-9761D50D1B73}"
EndProject
Project("{FAE04EC0-301F-11D3-BF4B-00C04F79EFBC}") = "AnalysisManagerMultiAlignPlugIn", "Plugins\_Unused\AM_MultiAlign_Plugin\AnalysisManagerMultiAlignPlugIn.csproj", "{9733CBC1-40A3-48B8-9416-E6ADED82184E}"
EndProject
Project("{FAE04EC0-301F-11D3-BF4B-00C04F79EFBC}") = "AnalysisManagerOMSSAPlugIn", "Plugins\_Unused\AM_OMSSA_PlugIn\AnalysisManagerOMSSAPlugIn.csproj", "{7B621D07-D1B6-409B-9F11-25A9B8610441}"
EndProject
Project("{FAE04EC0-301F-11D3-BF4B-00C04F79EFBC}") = "AnalysisManagerPRIDEMzXMLPlugIn", "Plugins\_Unused\AM_PRIDE_MzXML_PlugIn\AnalysisManagerPRIDEMzXMLPlugIn.csproj", "{9D9FFB40-9F3D-4734-8B2E-78D60363817A}"
EndProject
Project("{FAE04EC0-301F-11D3-BF4B-00C04F79EFBC}") = "AnalysisManagerProSightQuantPlugIn", "Plugins\_Unused\AM_ProSightPC_Quant_Plugin\AnalysisManagerProSightQuantPlugIn.csproj", "{813F112C-4E00-4107-AE8F-FABD559CA982}"
EndProject
Project("{FAE04EC0-301F-11D3-BF4B-00C04F79EFBC}") = "MSMSSpectrumFilterAM", "Plugins\AM_MSMSSpectrumFilter_PlugIn\MSMSSpectrumFilterAM.csproj", "{0DA76DD9-3216-4841-BE43-D378D3C7D7A2}"
EndProject
Project("{FAE04EC0-301F-11D3-BF4B-00C04F79EFBC}") = "AnalysisManagerRepoPkgrPlugIn", "Plugins\_Unused\AM_RepoPkgr_PlugIn\AnalysisManagerRepoPkgrPlugIn.csproj", "{02AB78CA-A428-4EF8-918F-D8864172AE7E}"
EndProject
Project("{FAE04EC0-301F-11D3-BF4B-00C04F79EFBC}") = "AnalysisManagerMSXMLGenPlugIn", "Plugins\AM_MSXML_Gen_PlugIn\AnalysisManagerMSXMLGenPlugIn.csproj", "{02D682E5-F70F-4C46-BAC8-1C18920FFF22}"
EndProject
Project("{FAE04EC0-301F-11D3-BF4B-00C04F79EFBC}") = "AnalysisManagerGlyQIQPlugin", "Plugins\_Unused\AM_GlyQIQ_Plugin\AnalysisManagerGlyQIQPlugin.csproj", "{5924931F-9A13-4B6B-9CFD-E1896B6C0225}"
EndProject
Project("{FAE04EC0-301F-11D3-BF4B-00C04F79EFBC}") = "AnalysisManagerUIMFtoMassHunterPlugin", "Plugins\_Unused\AM_UIMFtoMassHunter_Plugin\AnalysisManagerUIMFtoMassHunterPlugin.csproj", "{43A57577-6207-4FB7-92EE-C4E1B9BED1E3}"
EndProject
Global
	GlobalSection(SolutionConfigurationPlatforms) = preSolution
		Debug|Any CPU = Debug|Any CPU
		Debug|x86 = Debug|x86
		Release|Any CPU = Release|Any CPU
		Release|x86 = Release|x86
	EndGlobalSection
	GlobalSection(ProjectConfigurationPlatforms) = postSolution
		{35B6B79E-C3B0-4E3A-B3ED-64167A470D7E}.Debug|Any CPU.ActiveCfg = Debug|Any CPU
		{35B6B79E-C3B0-4E3A-B3ED-64167A470D7E}.Debug|Any CPU.Build.0 = Debug|Any CPU
		{35B6B79E-C3B0-4E3A-B3ED-64167A470D7E}.Debug|x86.ActiveCfg = Debug|Any CPU
		{35B6B79E-C3B0-4E3A-B3ED-64167A470D7E}.Debug|x86.Build.0 = Debug|Any CPU
		{35B6B79E-C3B0-4E3A-B3ED-64167A470D7E}.Release|Any CPU.ActiveCfg = Release|Any CPU
		{35B6B79E-C3B0-4E3A-B3ED-64167A470D7E}.Release|Any CPU.Build.0 = Release|Any CPU
		{35B6B79E-C3B0-4E3A-B3ED-64167A470D7E}.Release|x86.ActiveCfg = Release|Any CPU
		{35B6B79E-C3B0-4E3A-B3ED-64167A470D7E}.Release|x86.Build.0 = Release|Any CPU
		{A939D260-136F-4400-8750-1B3E9E57F2F8}.Debug|Any CPU.ActiveCfg = Debug|Any CPU
		{A939D260-136F-4400-8750-1B3E9E57F2F8}.Debug|Any CPU.Build.0 = Debug|Any CPU
		{A939D260-136F-4400-8750-1B3E9E57F2F8}.Debug|x86.ActiveCfg = Debug|Any CPU
		{A939D260-136F-4400-8750-1B3E9E57F2F8}.Debug|x86.Build.0 = Debug|Any CPU
		{A939D260-136F-4400-8750-1B3E9E57F2F8}.Release|Any CPU.ActiveCfg = Release|Any CPU
		{A939D260-136F-4400-8750-1B3E9E57F2F8}.Release|Any CPU.Build.0 = Release|Any CPU
		{A939D260-136F-4400-8750-1B3E9E57F2F8}.Release|x86.ActiveCfg = Release|Any CPU
		{A939D260-136F-4400-8750-1B3E9E57F2F8}.Release|x86.Build.0 = Release|Any CPU
		{4E7586EC-4A03-433B-B98D-393DA95C020C}.Debug|Any CPU.ActiveCfg = Debug|Any CPU
		{4E7586EC-4A03-433B-B98D-393DA95C020C}.Debug|Any CPU.Build.0 = Debug|Any CPU
		{4E7586EC-4A03-433B-B98D-393DA95C020C}.Debug|x86.ActiveCfg = Debug|Any CPU
		{4E7586EC-4A03-433B-B98D-393DA95C020C}.Debug|x86.Build.0 = Debug|Any CPU
		{4E7586EC-4A03-433B-B98D-393DA95C020C}.Release|Any CPU.ActiveCfg = Release|Any CPU
		{4E7586EC-4A03-433B-B98D-393DA95C020C}.Release|Any CPU.Build.0 = Release|Any CPU
		{4E7586EC-4A03-433B-B98D-393DA95C020C}.Release|x86.ActiveCfg = Release|Any CPU
		{4E7586EC-4A03-433B-B98D-393DA95C020C}.Release|x86.Build.0 = Release|Any CPU
		{119FBDE1-C19F-4C46-B8B9-CB823CC6548B}.Debug|Any CPU.ActiveCfg = Debug|x86
		{119FBDE1-C19F-4C46-B8B9-CB823CC6548B}.Debug|Any CPU.Build.0 = Debug|x86
		{119FBDE1-C19F-4C46-B8B9-CB823CC6548B}.Debug|x86.ActiveCfg = Debug|x86
		{119FBDE1-C19F-4C46-B8B9-CB823CC6548B}.Debug|x86.Build.0 = Debug|x86
		{119FBDE1-C19F-4C46-B8B9-CB823CC6548B}.Release|Any CPU.ActiveCfg = Release|x86
		{119FBDE1-C19F-4C46-B8B9-CB823CC6548B}.Release|Any CPU.Build.0 = Release|x86
		{119FBDE1-C19F-4C46-B8B9-CB823CC6548B}.Release|x86.ActiveCfg = Release|x86
		{119FBDE1-C19F-4C46-B8B9-CB823CC6548B}.Release|x86.Build.0 = Release|x86
		{55DB2CD1-1298-4414-8425-D79DEB7F8DE5}.Debug|Any CPU.ActiveCfg = Debug|Any CPU
		{55DB2CD1-1298-4414-8425-D79DEB7F8DE5}.Debug|Any CPU.Build.0 = Debug|Any CPU
		{55DB2CD1-1298-4414-8425-D79DEB7F8DE5}.Debug|x86.ActiveCfg = Debug|Any CPU
		{55DB2CD1-1298-4414-8425-D79DEB7F8DE5}.Debug|x86.Build.0 = Debug|Any CPU
		{55DB2CD1-1298-4414-8425-D79DEB7F8DE5}.Release|Any CPU.ActiveCfg = Release|Any CPU
		{55DB2CD1-1298-4414-8425-D79DEB7F8DE5}.Release|Any CPU.Build.0 = Release|Any CPU
		{55DB2CD1-1298-4414-8425-D79DEB7F8DE5}.Release|x86.ActiveCfg = Release|Any CPU
		{55DB2CD1-1298-4414-8425-D79DEB7F8DE5}.Release|x86.Build.0 = Release|Any CPU
		{C0B0A764-AB8F-42AA-A1D3-F2ABA5A6D20C}.Debug|Any CPU.ActiveCfg = Debug|Any CPU
		{C0B0A764-AB8F-42AA-A1D3-F2ABA5A6D20C}.Debug|Any CPU.Build.0 = Debug|Any CPU
		{C0B0A764-AB8F-42AA-A1D3-F2ABA5A6D20C}.Debug|x86.ActiveCfg = Debug|x86
		{C0B0A764-AB8F-42AA-A1D3-F2ABA5A6D20C}.Debug|x86.Build.0 = Debug|x86
		{C0B0A764-AB8F-42AA-A1D3-F2ABA5A6D20C}.Release|Any CPU.ActiveCfg = Release|Any CPU
		{C0B0A764-AB8F-42AA-A1D3-F2ABA5A6D20C}.Release|Any CPU.Build.0 = Release|Any CPU
		{C0B0A764-AB8F-42AA-A1D3-F2ABA5A6D20C}.Release|x86.ActiveCfg = Release|x86
		{C0B0A764-AB8F-42AA-A1D3-F2ABA5A6D20C}.Release|x86.Build.0 = Release|x86
		{C8422F47-9F58-4839-A211-61F763CD336C}.Debug|Any CPU.ActiveCfg = Debug|Any CPU
		{C8422F47-9F58-4839-A211-61F763CD336C}.Debug|Any CPU.Build.0 = Debug|Any CPU
		{C8422F47-9F58-4839-A211-61F763CD336C}.Debug|x86.ActiveCfg = Debug|Any CPU
		{C8422F47-9F58-4839-A211-61F763CD336C}.Debug|x86.Build.0 = Debug|Any CPU
		{C8422F47-9F58-4839-A211-61F763CD336C}.Release|Any CPU.ActiveCfg = Release|Any CPU
		{C8422F47-9F58-4839-A211-61F763CD336C}.Release|Any CPU.Build.0 = Release|Any CPU
		{C8422F47-9F58-4839-A211-61F763CD336C}.Release|x86.ActiveCfg = Release|Any CPU
		{C8422F47-9F58-4839-A211-61F763CD336C}.Release|x86.Build.0 = Release|Any CPU
		{FA91A92B-057C-4728-9A6A-774CE004AB05}.Debug|Any CPU.ActiveCfg = Debug|Any CPU
		{FA91A92B-057C-4728-9A6A-774CE004AB05}.Debug|Any CPU.Build.0 = Debug|Any CPU
		{FA91A92B-057C-4728-9A6A-774CE004AB05}.Debug|x86.ActiveCfg = Debug|Any CPU
		{FA91A92B-057C-4728-9A6A-774CE004AB05}.Debug|x86.Build.0 = Debug|Any CPU
		{FA91A92B-057C-4728-9A6A-774CE004AB05}.Release|Any CPU.ActiveCfg = Release|Any CPU
		{FA91A92B-057C-4728-9A6A-774CE004AB05}.Release|Any CPU.Build.0 = Release|Any CPU
		{FA91A92B-057C-4728-9A6A-774CE004AB05}.Release|x86.ActiveCfg = Release|Any CPU
		{FA91A92B-057C-4728-9A6A-774CE004AB05}.Release|x86.Build.0 = Release|Any CPU
		{3F3E6F05-5A92-4DEA-AC03-D4F35944639C}.Debug|Any CPU.ActiveCfg = Debug|Any CPU
		{3F3E6F05-5A92-4DEA-AC03-D4F35944639C}.Debug|Any CPU.Build.0 = Debug|Any CPU
		{3F3E6F05-5A92-4DEA-AC03-D4F35944639C}.Debug|x86.ActiveCfg = Debug|Any CPU
		{3F3E6F05-5A92-4DEA-AC03-D4F35944639C}.Debug|x86.Build.0 = Debug|Any CPU
		{3F3E6F05-5A92-4DEA-AC03-D4F35944639C}.Release|Any CPU.ActiveCfg = Release|Any CPU
		{3F3E6F05-5A92-4DEA-AC03-D4F35944639C}.Release|Any CPU.Build.0 = Release|Any CPU
		{3F3E6F05-5A92-4DEA-AC03-D4F35944639C}.Release|x86.ActiveCfg = Release|Any CPU
		{3F3E6F05-5A92-4DEA-AC03-D4F35944639C}.Release|x86.Build.0 = Release|Any CPU
		{4E84D857-B776-4CE9-A93B-2906C5996AF9}.Debug|Any CPU.ActiveCfg = Debug|Any CPU
		{4E84D857-B776-4CE9-A93B-2906C5996AF9}.Debug|Any CPU.Build.0 = Debug|Any CPU
		{4E84D857-B776-4CE9-A93B-2906C5996AF9}.Debug|x86.ActiveCfg = Debug|x86
		{4E84D857-B776-4CE9-A93B-2906C5996AF9}.Debug|x86.Build.0 = Debug|x86
		{4E84D857-B776-4CE9-A93B-2906C5996AF9}.Release|Any CPU.ActiveCfg = Release|Any CPU
		{4E84D857-B776-4CE9-A93B-2906C5996AF9}.Release|Any CPU.Build.0 = Release|Any CPU
		{4E84D857-B776-4CE9-A93B-2906C5996AF9}.Release|x86.ActiveCfg = Release|x86
		{4E84D857-B776-4CE9-A93B-2906C5996AF9}.Release|x86.Build.0 = Release|x86
		{C79A701C-1AE4-484A-A2AF-BD9CAA56661B}.Debug|Any CPU.ActiveCfg = Debug|Any CPU
		{C79A701C-1AE4-484A-A2AF-BD9CAA56661B}.Debug|Any CPU.Build.0 = Debug|Any CPU
		{C79A701C-1AE4-484A-A2AF-BD9CAA56661B}.Debug|x86.ActiveCfg = Debug|Any CPU
		{C79A701C-1AE4-484A-A2AF-BD9CAA56661B}.Debug|x86.Build.0 = Debug|Any CPU
		{C79A701C-1AE4-484A-A2AF-BD9CAA56661B}.Release|Any CPU.ActiveCfg = Release|Any CPU
		{C79A701C-1AE4-484A-A2AF-BD9CAA56661B}.Release|Any CPU.Build.0 = Release|Any CPU
		{C79A701C-1AE4-484A-A2AF-BD9CAA56661B}.Release|x86.ActiveCfg = Release|Any CPU
		{C79A701C-1AE4-484A-A2AF-BD9CAA56661B}.Release|x86.Build.0 = Release|Any CPU
		{E26245DB-FE3B-4CDB-8B39-B989BE7BE52C}.Debug|Any CPU.ActiveCfg = Debug|Any CPU
		{E26245DB-FE3B-4CDB-8B39-B989BE7BE52C}.Debug|Any CPU.Build.0 = Debug|Any CPU
		{E26245DB-FE3B-4CDB-8B39-B989BE7BE52C}.Debug|x86.ActiveCfg = Debug|Any CPU
		{E26245DB-FE3B-4CDB-8B39-B989BE7BE52C}.Debug|x86.Build.0 = Debug|Any CPU
		{E26245DB-FE3B-4CDB-8B39-B989BE7BE52C}.Release|Any CPU.ActiveCfg = Release|Any CPU
		{E26245DB-FE3B-4CDB-8B39-B989BE7BE52C}.Release|Any CPU.Build.0 = Release|Any CPU
		{E26245DB-FE3B-4CDB-8B39-B989BE7BE52C}.Release|x86.ActiveCfg = Release|Any CPU
		{E26245DB-FE3B-4CDB-8B39-B989BE7BE52C}.Release|x86.Build.0 = Release|Any CPU
		{44E81B35-BA39-47AD-9B67-FBAFC925CACA}.Debug|Any CPU.ActiveCfg = Debug|Any CPU
		{44E81B35-BA39-47AD-9B67-FBAFC925CACA}.Debug|Any CPU.Build.0 = Debug|Any CPU
		{44E81B35-BA39-47AD-9B67-FBAFC925CACA}.Debug|x86.ActiveCfg = Debug|Any CPU
		{44E81B35-BA39-47AD-9B67-FBAFC925CACA}.Debug|x86.Build.0 = Debug|Any CPU
		{44E81B35-BA39-47AD-9B67-FBAFC925CACA}.Release|Any CPU.ActiveCfg = Release|Any CPU
		{44E81B35-BA39-47AD-9B67-FBAFC925CACA}.Release|Any CPU.Build.0 = Release|Any CPU
		{44E81B35-BA39-47AD-9B67-FBAFC925CACA}.Release|x86.ActiveCfg = Release|Any CPU
		{44E81B35-BA39-47AD-9B67-FBAFC925CACA}.Release|x86.Build.0 = Release|Any CPU
		{CCE46827-B4EE-4CD7-B9B5-6500B5DEDF9B}.Debug|Any CPU.ActiveCfg = Debug|Any CPU
		{CCE46827-B4EE-4CD7-B9B5-6500B5DEDF9B}.Debug|Any CPU.Build.0 = Debug|Any CPU
		{CCE46827-B4EE-4CD7-B9B5-6500B5DEDF9B}.Debug|x86.ActiveCfg = Debug|Any CPU
		{CCE46827-B4EE-4CD7-B9B5-6500B5DEDF9B}.Debug|x86.Build.0 = Debug|Any CPU
		{CCE46827-B4EE-4CD7-B9B5-6500B5DEDF9B}.Release|Any CPU.ActiveCfg = Release|Any CPU
		{CCE46827-B4EE-4CD7-B9B5-6500B5DEDF9B}.Release|Any CPU.Build.0 = Release|Any CPU
		{CCE46827-B4EE-4CD7-B9B5-6500B5DEDF9B}.Release|x86.ActiveCfg = Release|Any CPU
		{CCE46827-B4EE-4CD7-B9B5-6500B5DEDF9B}.Release|x86.Build.0 = Release|Any CPU
		{DAE7C38E-A9AC-44C2-AC16-F3CEA558927D}.Debug|Any CPU.ActiveCfg = Debug|Any CPU
		{DAE7C38E-A9AC-44C2-AC16-F3CEA558927D}.Debug|Any CPU.Build.0 = Debug|Any CPU
		{DAE7C38E-A9AC-44C2-AC16-F3CEA558927D}.Debug|x86.ActiveCfg = Debug|Any CPU
		{DAE7C38E-A9AC-44C2-AC16-F3CEA558927D}.Debug|x86.Build.0 = Debug|Any CPU
		{DAE7C38E-A9AC-44C2-AC16-F3CEA558927D}.Release|Any CPU.ActiveCfg = Release|Any CPU
		{DAE7C38E-A9AC-44C2-AC16-F3CEA558927D}.Release|Any CPU.Build.0 = Release|Any CPU
		{DAE7C38E-A9AC-44C2-AC16-F3CEA558927D}.Release|x86.ActiveCfg = Release|Any CPU
		{DAE7C38E-A9AC-44C2-AC16-F3CEA558927D}.Release|x86.Build.0 = Release|Any CPU
		{9B826DC8-FCD9-4B28-A308-592F01FAC23C}.Debug|Any CPU.ActiveCfg = Debug|Any CPU
		{9B826DC8-FCD9-4B28-A308-592F01FAC23C}.Debug|Any CPU.Build.0 = Debug|Any CPU
		{9B826DC8-FCD9-4B28-A308-592F01FAC23C}.Debug|x86.ActiveCfg = Debug|Any CPU
		{9B826DC8-FCD9-4B28-A308-592F01FAC23C}.Debug|x86.Build.0 = Debug|Any CPU
		{9B826DC8-FCD9-4B28-A308-592F01FAC23C}.Release|Any CPU.ActiveCfg = Release|Any CPU
		{9B826DC8-FCD9-4B28-A308-592F01FAC23C}.Release|Any CPU.Build.0 = Release|Any CPU
		{9B826DC8-FCD9-4B28-A308-592F01FAC23C}.Release|x86.ActiveCfg = Release|Any CPU
		{9B826DC8-FCD9-4B28-A308-592F01FAC23C}.Release|x86.Build.0 = Release|Any CPU
		{C244E5E3-A545-4E6F-91FD-EB946E9BC229}.Debug|Any CPU.ActiveCfg = Debug|Any CPU
		{C244E5E3-A545-4E6F-91FD-EB946E9BC229}.Debug|Any CPU.Build.0 = Debug|Any CPU
		{C244E5E3-A545-4E6F-91FD-EB946E9BC229}.Debug|x86.ActiveCfg = Debug|Any CPU
		{C244E5E3-A545-4E6F-91FD-EB946E9BC229}.Debug|x86.Build.0 = Debug|Any CPU
		{C244E5E3-A545-4E6F-91FD-EB946E9BC229}.Release|Any CPU.ActiveCfg = Release|Any CPU
		{C244E5E3-A545-4E6F-91FD-EB946E9BC229}.Release|Any CPU.Build.0 = Release|Any CPU
		{C244E5E3-A545-4E6F-91FD-EB946E9BC229}.Release|x86.ActiveCfg = Release|Any CPU
		{C244E5E3-A545-4E6F-91FD-EB946E9BC229}.Release|x86.Build.0 = Release|Any CPU
		{BD78C2C2-9834-47FF-B550-DD48A647F710}.Debug|Any CPU.ActiveCfg = Debug|Any CPU
		{BD78C2C2-9834-47FF-B550-DD48A647F710}.Debug|Any CPU.Build.0 = Debug|Any CPU
		{BD78C2C2-9834-47FF-B550-DD48A647F710}.Debug|x86.ActiveCfg = Debug|Any CPU
		{BD78C2C2-9834-47FF-B550-DD48A647F710}.Debug|x86.Build.0 = Debug|Any CPU
		{BD78C2C2-9834-47FF-B550-DD48A647F710}.Release|Any CPU.ActiveCfg = Release|Any CPU
		{BD78C2C2-9834-47FF-B550-DD48A647F710}.Release|Any CPU.Build.0 = Release|Any CPU
		{BD78C2C2-9834-47FF-B550-DD48A647F710}.Release|x86.ActiveCfg = Release|Any CPU
		{BD78C2C2-9834-47FF-B550-DD48A647F710}.Release|x86.Build.0 = Release|Any CPU
		{2892CB95-88A4-498F-9BAE-517666A68318}.Debug|Any CPU.ActiveCfg = Debug|Any CPU
		{2892CB95-88A4-498F-9BAE-517666A68318}.Debug|Any CPU.Build.0 = Debug|Any CPU
		{2892CB95-88A4-498F-9BAE-517666A68318}.Debug|x86.ActiveCfg = Debug|Any CPU
		{2892CB95-88A4-498F-9BAE-517666A68318}.Debug|x86.Build.0 = Debug|Any CPU
		{2892CB95-88A4-498F-9BAE-517666A68318}.Release|Any CPU.ActiveCfg = Release|Any CPU
		{2892CB95-88A4-498F-9BAE-517666A68318}.Release|Any CPU.Build.0 = Release|Any CPU
		{2892CB95-88A4-498F-9BAE-517666A68318}.Release|x86.ActiveCfg = Release|Any CPU
		{2892CB95-88A4-498F-9BAE-517666A68318}.Release|x86.Build.0 = Release|Any CPU
		{ABBE557F-6955-4EFB-9892-8F028AD420DD}.Debug|Any CPU.ActiveCfg = Debug|Any CPU
		{ABBE557F-6955-4EFB-9892-8F028AD420DD}.Debug|Any CPU.Build.0 = Debug|Any CPU
		{ABBE557F-6955-4EFB-9892-8F028AD420DD}.Debug|x86.ActiveCfg = Debug|Any CPU
		{ABBE557F-6955-4EFB-9892-8F028AD420DD}.Debug|x86.Build.0 = Debug|Any CPU
		{ABBE557F-6955-4EFB-9892-8F028AD420DD}.Release|Any CPU.ActiveCfg = Release|Any CPU
		{ABBE557F-6955-4EFB-9892-8F028AD420DD}.Release|Any CPU.Build.0 = Release|Any CPU
		{ABBE557F-6955-4EFB-9892-8F028AD420DD}.Release|x86.ActiveCfg = Release|Any CPU
		{ABBE557F-6955-4EFB-9892-8F028AD420DD}.Release|x86.Build.0 = Release|Any CPU
		{146B6C50-F2D5-409C-B424-BCB1B6C421AD}.Debug|Any CPU.ActiveCfg = Debug|Any CPU
		{146B6C50-F2D5-409C-B424-BCB1B6C421AD}.Debug|Any CPU.Build.0 = Debug|Any CPU
		{146B6C50-F2D5-409C-B424-BCB1B6C421AD}.Debug|x86.ActiveCfg = Debug|Any CPU
		{146B6C50-F2D5-409C-B424-BCB1B6C421AD}.Debug|x86.Build.0 = Debug|Any CPU
		{146B6C50-F2D5-409C-B424-BCB1B6C421AD}.Release|Any CPU.ActiveCfg = Release|Any CPU
		{146B6C50-F2D5-409C-B424-BCB1B6C421AD}.Release|Any CPU.Build.0 = Release|Any CPU
		{146B6C50-F2D5-409C-B424-BCB1B6C421AD}.Release|x86.ActiveCfg = Release|Any CPU
		{146B6C50-F2D5-409C-B424-BCB1B6C421AD}.Release|x86.Build.0 = Release|Any CPU
		{8101C095-C93A-4B5D-BACE-9761D50D1B73}.Debug|Any CPU.ActiveCfg = Debug|Any CPU
		{8101C095-C93A-4B5D-BACE-9761D50D1B73}.Debug|Any CPU.Build.0 = Debug|Any CPU
		{8101C095-C93A-4B5D-BACE-9761D50D1B73}.Debug|x86.ActiveCfg = Debug|Any CPU
		{8101C095-C93A-4B5D-BACE-9761D50D1B73}.Debug|x86.Build.0 = Debug|Any CPU
		{8101C095-C93A-4B5D-BACE-9761D50D1B73}.Release|Any CPU.ActiveCfg = Release|Any CPU
		{8101C095-C93A-4B5D-BACE-9761D50D1B73}.Release|Any CPU.Build.0 = Release|Any CPU
		{8101C095-C93A-4B5D-BACE-9761D50D1B73}.Release|x86.ActiveCfg = Release|Any CPU
		{8101C095-C93A-4B5D-BACE-9761D50D1B73}.Release|x86.Build.0 = Release|Any CPU
		{9733CBC1-40A3-48B8-9416-E6ADED82184E}.Debug|Any CPU.ActiveCfg = Debug|Any CPU
		{9733CBC1-40A3-48B8-9416-E6ADED82184E}.Debug|Any CPU.Build.0 = Debug|Any CPU
		{9733CBC1-40A3-48B8-9416-E6ADED82184E}.Debug|x86.ActiveCfg = Debug|Any CPU
		{9733CBC1-40A3-48B8-9416-E6ADED82184E}.Debug|x86.Build.0 = Debug|Any CPU
		{9733CBC1-40A3-48B8-9416-E6ADED82184E}.Release|Any CPU.ActiveCfg = Release|Any CPU
		{9733CBC1-40A3-48B8-9416-E6ADED82184E}.Release|Any CPU.Build.0 = Release|Any CPU
		{9733CBC1-40A3-48B8-9416-E6ADED82184E}.Release|x86.ActiveCfg = Release|Any CPU
		{9733CBC1-40A3-48B8-9416-E6ADED82184E}.Release|x86.Build.0 = Release|Any CPU
		{7B621D07-D1B6-409B-9F11-25A9B8610441}.Debug|Any CPU.ActiveCfg = Debug|Any CPU
		{7B621D07-D1B6-409B-9F11-25A9B8610441}.Debug|Any CPU.Build.0 = Debug|Any CPU
		{7B621D07-D1B6-409B-9F11-25A9B8610441}.Debug|x86.ActiveCfg = Debug|Any CPU
		{7B621D07-D1B6-409B-9F11-25A9B8610441}.Debug|x86.Build.0 = Debug|Any CPU
		{7B621D07-D1B6-409B-9F11-25A9B8610441}.Release|Any CPU.ActiveCfg = Release|Any CPU
		{7B621D07-D1B6-409B-9F11-25A9B8610441}.Release|Any CPU.Build.0 = Release|Any CPU
		{7B621D07-D1B6-409B-9F11-25A9B8610441}.Release|x86.ActiveCfg = Release|Any CPU
		{7B621D07-D1B6-409B-9F11-25A9B8610441}.Release|x86.Build.0 = Release|Any CPU
		{9D9FFB40-9F3D-4734-8B2E-78D60363817A}.Debug|Any CPU.ActiveCfg = Debug|Any CPU
		{9D9FFB40-9F3D-4734-8B2E-78D60363817A}.Debug|Any CPU.Build.0 = Debug|Any CPU
		{9D9FFB40-9F3D-4734-8B2E-78D60363817A}.Debug|x86.ActiveCfg = Debug|Any CPU
		{9D9FFB40-9F3D-4734-8B2E-78D60363817A}.Debug|x86.Build.0 = Debug|Any CPU
		{9D9FFB40-9F3D-4734-8B2E-78D60363817A}.Release|Any CPU.ActiveCfg = Release|Any CPU
		{9D9FFB40-9F3D-4734-8B2E-78D60363817A}.Release|Any CPU.Build.0 = Release|Any CPU
		{9D9FFB40-9F3D-4734-8B2E-78D60363817A}.Release|x86.ActiveCfg = Release|Any CPU
		{9D9FFB40-9F3D-4734-8B2E-78D60363817A}.Release|x86.Build.0 = Release|Any CPU
		{813F112C-4E00-4107-AE8F-FABD559CA982}.Debug|Any CPU.ActiveCfg = Debug|Any CPU
		{813F112C-4E00-4107-AE8F-FABD559CA982}.Debug|Any CPU.Build.0 = Debug|Any CPU
		{813F112C-4E00-4107-AE8F-FABD559CA982}.Debug|x86.ActiveCfg = Debug|Any CPU
		{813F112C-4E00-4107-AE8F-FABD559CA982}.Debug|x86.Build.0 = Debug|Any CPU
		{813F112C-4E00-4107-AE8F-FABD559CA982}.Release|Any CPU.ActiveCfg = Release|Any CPU
		{813F112C-4E00-4107-AE8F-FABD559CA982}.Release|Any CPU.Build.0 = Release|Any CPU
		{813F112C-4E00-4107-AE8F-FABD559CA982}.Release|x86.ActiveCfg = Release|Any CPU
		{813F112C-4E00-4107-AE8F-FABD559CA982}.Release|x86.Build.0 = Release|Any CPU
		{0DA76DD9-3216-4841-BE43-D378D3C7D7A2}.Debug|Any CPU.ActiveCfg = Debug|Any CPU
		{0DA76DD9-3216-4841-BE43-D378D3C7D7A2}.Debug|Any CPU.Build.0 = Debug|Any CPU
		{0DA76DD9-3216-4841-BE43-D378D3C7D7A2}.Debug|x86.ActiveCfg = Debug|Any CPU
		{0DA76DD9-3216-4841-BE43-D378D3C7D7A2}.Debug|x86.Build.0 = Debug|Any CPU
		{0DA76DD9-3216-4841-BE43-D378D3C7D7A2}.Release|Any CPU.ActiveCfg = Release|Any CPU
		{0DA76DD9-3216-4841-BE43-D378D3C7D7A2}.Release|Any CPU.Build.0 = Release|Any CPU
		{0DA76DD9-3216-4841-BE43-D378D3C7D7A2}.Release|x86.ActiveCfg = Release|Any CPU
		{0DA76DD9-3216-4841-BE43-D378D3C7D7A2}.Release|x86.Build.0 = Release|Any CPU
		{02AB78CA-A428-4EF8-918F-D8864172AE7E}.Debug|Any CPU.ActiveCfg = Debug|Any CPU
		{02AB78CA-A428-4EF8-918F-D8864172AE7E}.Debug|Any CPU.Build.0 = Debug|Any CPU
		{02AB78CA-A428-4EF8-918F-D8864172AE7E}.Debug|x86.ActiveCfg = Debug|Any CPU
		{02AB78CA-A428-4EF8-918F-D8864172AE7E}.Debug|x86.Build.0 = Debug|Any CPU
		{02AB78CA-A428-4EF8-918F-D8864172AE7E}.Release|Any CPU.ActiveCfg = Release|Any CPU
		{02AB78CA-A428-4EF8-918F-D8864172AE7E}.Release|Any CPU.Build.0 = Release|Any CPU
		{02AB78CA-A428-4EF8-918F-D8864172AE7E}.Release|x86.ActiveCfg = Release|Any CPU
		{02AB78CA-A428-4EF8-918F-D8864172AE7E}.Release|x86.Build.0 = Release|Any CPU
		{02D682E5-F70F-4C46-BAC8-1C18920FFF22}.Debug|Any CPU.ActiveCfg = Debug|Any CPU
		{02D682E5-F70F-4C46-BAC8-1C18920FFF22}.Debug|Any CPU.Build.0 = Debug|Any CPU
		{02D682E5-F70F-4C46-BAC8-1C18920FFF22}.Debug|x86.ActiveCfg = Debug|Any CPU
		{02D682E5-F70F-4C46-BAC8-1C18920FFF22}.Debug|x86.Build.0 = Debug|Any CPU
		{02D682E5-F70F-4C46-BAC8-1C18920FFF22}.Release|Any CPU.ActiveCfg = Release|Any CPU
		{02D682E5-F70F-4C46-BAC8-1C18920FFF22}.Release|Any CPU.Build.0 = Release|Any CPU
		{02D682E5-F70F-4C46-BAC8-1C18920FFF22}.Release|x86.ActiveCfg = Release|Any CPU
		{02D682E5-F70F-4C46-BAC8-1C18920FFF22}.Release|x86.Build.0 = Release|Any CPU
		{5924931F-9A13-4B6B-9CFD-E1896B6C0225}.Debug|Any CPU.ActiveCfg = Debug|Any CPU
		{5924931F-9A13-4B6B-9CFD-E1896B6C0225}.Debug|Any CPU.Build.0 = Debug|Any CPU
		{5924931F-9A13-4B6B-9CFD-E1896B6C0225}.Debug|x86.ActiveCfg = Debug|Any CPU
		{5924931F-9A13-4B6B-9CFD-E1896B6C0225}.Debug|x86.Build.0 = Debug|Any CPU
		{5924931F-9A13-4B6B-9CFD-E1896B6C0225}.Release|Any CPU.ActiveCfg = Release|Any CPU
		{5924931F-9A13-4B6B-9CFD-E1896B6C0225}.Release|Any CPU.Build.0 = Release|Any CPU
		{5924931F-9A13-4B6B-9CFD-E1896B6C0225}.Release|x86.ActiveCfg = Release|Any CPU
		{5924931F-9A13-4B6B-9CFD-E1896B6C0225}.Release|x86.Build.0 = Release|Any CPU
		{43A57577-6207-4FB7-92EE-C4E1B9BED1E3}.Debug|Any CPU.ActiveCfg = Debug|Any CPU
		{43A57577-6207-4FB7-92EE-C4E1B9BED1E3}.Debug|Any CPU.Build.0 = Debug|Any CPU
		{43A57577-6207-4FB7-92EE-C4E1B9BED1E3}.Debug|x86.ActiveCfg = Debug|Any CPU
		{43A57577-6207-4FB7-92EE-C4E1B9BED1E3}.Debug|x86.Build.0 = Debug|Any CPU
		{43A57577-6207-4FB7-92EE-C4E1B9BED1E3}.Release|Any CPU.ActiveCfg = Release|Any CPU
		{43A57577-6207-4FB7-92EE-C4E1B9BED1E3}.Release|Any CPU.Build.0 = Release|Any CPU
		{43A57577-6207-4FB7-92EE-C4E1B9BED1E3}.Release|x86.ActiveCfg = Release|Any CPU
		{43A57577-6207-4FB7-92EE-C4E1B9BED1E3}.Release|x86.Build.0 = Release|Any CPU
	EndGlobalSection
	GlobalSection(SolutionProperties) = preSolution
		HideSolutionNode = FALSE
	EndGlobalSection
	GlobalSection(ExtensibilityGlobals) = postSolution
		SolutionGuid = {3E023407-F3FE-4A3E-A371-101C356D478C}
	EndGlobalSection
EndGlobal
