
Microsoft Visual Studio Solution File, Format Version 12.00
# Visual Studio Version 17
VisualStudioVersion = 17.4.33213.308
MinimumVisualStudioVersion = 10.0.40219.1
Project("{FAE04EC0-301F-11D3-BF4B-00C04F79EFBC}") = "AnalysisManagerApePlugIn", "Plugins\AM_Ape_PlugIn\AnalysisManagerApePlugIn.csproj", "{41393E6D-5164-462C-81EE-C1A07CFAD4C2}"
EndProject
Project("{FAE04EC0-301F-11D3-BF4B-00C04F79EFBC}") = "AnalysisManagerAScorePlugIn", "Plugins\AM_AScore_PlugIn\AnalysisManagerAScorePlugIn.csproj", "{867C284C-E17D-4E01-8E8F-0C6557CDDBD7}"
EndProject
Project("{FAE04EC0-301F-11D3-BF4B-00C04F79EFBC}") = "AnalysisManagerCyclopsPlugIn", "Plugins\AM_Cyclops_PlugIn\AnalysisManagerCyclopsPlugIn.csproj", "{CA155567-FD6E-4FB2-9223-AA544FDF6CB1}"
EndProject
Project("{FAE04EC0-301F-11D3-BF4B-00C04F79EFBC}") = "AnalysisManagerDecon2lsPlugIn", "Plugins\AM_Decon2ls_PlugIn_Decon2LSV2\AnalysisManagerDecon2lsPlugIn.csproj", "{4E7586EC-4A03-433B-B98D-393DA95C020C}"
EndProject
Project("{FAE04EC0-301F-11D3-BF4B-00C04F79EFBC}") = "AnalysisManagerDTASpectraFileGen", "Plugins\AM_DTASpectraFileGen_PlugIn\AnalysisManagerDTASpectraFileGen.csproj", "{7E950799-BC28-4790-B0BF-2631AB660E17}"
EndProject
Project("{FAE04EC0-301F-11D3-BF4B-00C04F79EFBC}") = "AnalysisManagerExtractionPlugin", "Plugins\AM_Extraction_PlugIn\AnalysisManagerExtractionPlugin.csproj", "{657B81BF-1D50-4289-878A-CAAE154835C4}"
EndProject
Project("{FAE04EC0-301F-11D3-BF4B-00C04F79EFBC}") = "AnalysisManagerIDMPlugin", "Plugins\AM_IDM_Plugin\AnalysisManagerIDMPlugin.csproj", "{AA0848C0-5407-4ED6-9FE4-720BF6E63BAE}"
EndProject
Project("{FAE04EC0-301F-11D3-BF4B-00C04F79EFBC}") = "AnalysisManagerIDPickerPlugIn", "Plugins\AM_IDPicker_PlugIn\AnalysisManagerIDPickerPlugIn.csproj", "{DD269705-9BF2-413C-9984-198ECFB300DF}"
EndProject
Project("{FAE04EC0-301F-11D3-BF4B-00C04F79EFBC}") = "AnalysisManagerLCMSFeatureFinderPlugIn", "Plugins\AM_LCMSFeatureFinder_Plugin\AnalysisManagerLCMSFeatureFinderPlugIn.csproj", "{9349F3CD-E706-455A-A002-20A1C4EE3AB0}"
EndProject
Project("{FAE04EC0-301F-11D3-BF4B-00C04F79EFBC}") = "AnalysisManagerMagePlugIn", "Plugins\AM_Mage_PlugIn\AnalysisManagerMagePlugIn.csproj", "{4AACC633-3F37-4102-AC9D-E23AB1EDC5BF}"
EndProject
Project("{FAE04EC0-301F-11D3-BF4B-00C04F79EFBC}") = "AnalysisManagerMasicPlugin", "Plugins\AM_Masic_Plugin\AnalysisManagerMasicPlugin.csproj", "{EC6B65D1-30E9-4AEF-A360-52E99056BD61}"
EndProject
Project("{FAE04EC0-301F-11D3-BF4B-00C04F79EFBC}") = "AnalysisManagerMSAlignPlugIn", "Plugins\AM_MSAlign_Plugin\AnalysisManagerMSAlignPlugIn.csproj", "{0F3AF0B0-8CE4-4B2C-B243-7862271C4D1E}"
EndProject
Project("{FAE04EC0-301F-11D3-BF4B-00C04F79EFBC}") = "AnalysisManagerMSDeconvPlugIn", "Plugins\AM_MSDeconv_Plugin\AnalysisManagerMSDeconvPlugIn.csproj", "{2999072A-B9F2-4E0E-976A-76C74A6F2B53}"
EndProject
Project("{FAE04EC0-301F-11D3-BF4B-00C04F79EFBC}") = "AnalysisManagerMSGFPlugin", "Plugins\AM_MSGF_PlugIn\AnalysisManagerMSGFPlugin.csproj", "{7A6DE396-7309-43E1-8F8A-B387709508DD}"
EndProject
Project("{FAE04EC0-301F-11D3-BF4B-00C04F79EFBC}") = "AnalysisManagerMSXMLBrukerPlugIn", "Plugins\AM_MSXML_Bruker_PlugIn\AnalysisManagerMSXMLBrukerPlugIn.csproj", "{2A46F87F-966D-45AE-BFF2-CDB24AD06143}"
EndProject
Project("{FAE04EC0-301F-11D3-BF4B-00C04F79EFBC}") = "AnalysisManagerMSXMLGenPlugIn", "Plugins\AM_MSXML_Gen_PlugIn\AnalysisManagerMSXMLGenPlugIn.csproj", "{02D682E5-F70F-4C46-BAC8-1C18920FFF22}"
EndProject
Project("{FAE04EC0-301F-11D3-BF4B-00C04F79EFBC}") = "AnalysisManagerPhospho_FDR_AggregatorPlugIn", "Plugins\AM_Phospho_FDR_Aggregator_PlugIn\AnalysisManagerPhospho_FDR_AggregatorPlugIn.csproj", "{4A642BDC-EF25-4DFC-9B77-3278AB5AC08A}"
EndProject
Project("{FAE04EC0-301F-11D3-BF4B-00C04F79EFBC}") = "AnalysisManagerResultsXferPlugin", "Plugins\AM_ResultsXfer_PlugIn\AnalysisManagerResultsXferPlugin.csproj", "{EDDE6076-0959-40E8-8760-08B29F66AB01}"
EndProject
Project("{FAE04EC0-301F-11D3-BF4B-00C04F79EFBC}") = "AnalysisManagerSMAQCPlugIn", "Plugins\AM_SMAQC_PlugIn\AnalysisManagerSMAQCPlugIn.csproj", "{0A52C911-BC1A-4AA1-83A4-3AD97EF93F31}"
EndProject
Project("{FAE04EC0-301F-11D3-BF4B-00C04F79EFBC}") = "AnalysisManagerXTandemPlugIn", "Plugins\AM_XTandem_PlugIn\AnalysisManagerXTandemPlugIn.csproj", "{E29686F3-709C-4C38-8B9F-534F71682770}"
EndProject
Project("{FAE04EC0-301F-11D3-BF4B-00C04F79EFBC}") = "AnalysisManagerMODaPlugIn", "Plugins\AM_MODa_PlugIn\AnalysisManagerMODaPlugIn.csproj", "{894D4C6C-FD28-44D2-A570-2600ED2C787E}"
EndProject
Project("{FAE04EC0-301F-11D3-BF4B-00C04F79EFBC}") = "AnalysisManagerMSAlignQuantPlugIn", "Plugins\AM_MSAlign_Quant_Plugin\AnalysisManagerMSAlignQuantPlugIn.csproj", "{46993519-3E09-475B-B836-7A32108AAFD1}"
EndProject
Project("{FAE04EC0-301F-11D3-BF4B-00C04F79EFBC}") = "AnalysisManagerMSPathFinderPlugin", "Plugins\AM_MSPathFinder_Plugin\AnalysisManagerMSPathFinderPlugin.csproj", "{62E15FEE-C239-4896-8FD2-7551A5D1A070}"
EndProject
Project("{FAE04EC0-301F-11D3-BF4B-00C04F79EFBC}") = "AnalysisManagerMzRefineryPlugIn", "Plugins\AM_Mz_Refinery_Plugin\AnalysisManagerMzRefineryPlugIn.csproj", "{2B8D4538-555C-4D01-A508-A75CBE76147C}"
EndProject
Project("{FAE04EC0-301F-11D3-BF4B-00C04F79EFBC}") = "AnalysisManagerPBFGenerator", "Plugins\AM_PBFSpectraFileGen_PlugIn\AnalysisManagerPBFGenerator.csproj", "{5A93C411-3A34-4C0B-A84D-EFFA65BAD19E}"
EndProject
Project("{FAE04EC0-301F-11D3-BF4B-00C04F79EFBC}") = "AnalysisManagerPRIDEConverterPlugIn", "Plugins\AM_PRIDE_Converter_PlugIn\AnalysisManagerPRIDEConverterPlugIn.csproj", "{A6C648E6-F0C4-4A76-9740-0DCF39973E84}"
EndProject
Project("{FAE04EC0-301F-11D3-BF4B-00C04F79EFBC}") = "AnalysisManagerResultsCleanupPlugin", "Plugins\AM_ResultsCleanup_PlugIn\AnalysisManagerResultsCleanupPlugin.csproj", "{AEC999A5-5321-48AA-860E-8756DB701466}"
EndProject
Project("{FAE04EC0-301F-11D3-BF4B-00C04F79EFBC}") = "AnalysisManagerBrukerDAExportPlugin", "Plugins\AM_Bruker_DA_Export\AnalysisManagerBrukerDAExportPlugin.csproj", "{BC82FA0C-5BB5-4D84-BB6B-5F6B3E0670DB}"
EndProject
Project("{FAE04EC0-301F-11D3-BF4B-00C04F79EFBC}") = "AnalysisManagerNOMSIPlugin", "Plugins\AM_NOMSI\AnalysisManagerNOMSIPlugin.csproj", "{E3C76058-381B-4F60-97E5-879A8F634BDA}"
EndProject
Project("{FAE04EC0-301F-11D3-BF4B-00C04F79EFBC}") = "AnalysisManagerProMexPlugin", "Plugins\AM_ProMex_Plugin\AnalysisManagerProMexPlugin.csproj", "{5ADEE0CA-782C-4039-978A-C43CD171BA09}"
EndProject
Project("{FAE04EC0-301F-11D3-BF4B-00C04F79EFBC}") = "AnalysisManagerMODPlusPlugin", "Plugins\AM_MODPlus_Plugin\AnalysisManagerMODPlusPlugin.csproj", "{F797EDD0-F632-45B8-8421-1F4A3F50314A}"
EndProject
Project("{FAE04EC0-301F-11D3-BF4B-00C04F79EFBC}") = "AnalysisManagerQCARTPlugIn", "Plugins\AM_QC-ART_PlugIn\AnalysisManagerQCARTPlugIn.csproj", "{F418E32A-6B5F-4F40-809E-730D20F32FA1}"
EndProject
Project("{FAE04EC0-301F-11D3-BF4B-00C04F79EFBC}") = "MSGFResultsSummarizer", "Plugins\AM_MSGF_PlugIn\MSGFResultsSummarizerDLL\MSGFResultsSummarizer.csproj", "{60C3570F-82BD-4103-AC4B-AC6CDD4A729C}"
EndProject
Project("{FAE04EC0-301F-11D3-BF4B-00C04F79EFBC}") = "AM_Shared", "AM_Shared\AM_Shared.csproj", "{35B6B79E-C3B0-4E3A-B3ED-64167A470D7E}"
EndProject
Project("{FAE04EC0-301F-11D3-BF4B-00C04F79EFBC}") = "AnalysisManagerProg_Debug", "AM_Program\AnalysisManagerProg_Debug.csproj", "{A939D260-136F-4400-8750-1B3E9E57F2F8}"
EndProject
Project("{FAE04EC0-301F-11D3-BF4B-00C04F79EFBC}") = "AnalysisManagerFormularityPlugin", "Plugins\AM_Formularity\AnalysisManagerFormularityPlugin.csproj", "{0D58E37F-A5FB-4529-BF14-8F4BA9BB2EBF}"
EndProject
Project("{FAE04EC0-301F-11D3-BF4B-00C04F79EFBC}") = "AnalysisManagerTopFDPlugIn", "Plugins\AM_TopFD_Plugin\AnalysisManagerTopFDPlugIn.csproj", "{C41EF735-13A0-4B9D-B4E1-4867C1F9450F}"
EndProject
Project("{FAE04EC0-301F-11D3-BF4B-00C04F79EFBC}") = "AnalysisManagerTopPICPlugIn", "Plugins\AM_TopPIC_Plugin\AnalysisManagerTopPICPlugIn.csproj", "{0E0AFB73-3BAC-4093-8F25-B411E8416623}"
EndProject
Project("{FAE04EC0-301F-11D3-BF4B-00C04F79EFBC}") = "AnalysisManagerDtaRefineryPlugIn", "Plugins\AM_DtaRefinery_PlugIn\AnalysisManagerDtaRefineryPlugIn.csproj", "{E5D7B07E-CB50-4098-8849-7ADA965C642F}"
EndProject
Project("{FAE04EC0-301F-11D3-BF4B-00C04F79EFBC}") = "AnalysisManagerMSGFDBPlugIn", "Plugins\AM_MSGFDB_PlugIn\AnalysisManagerMSGFDBPlugIn.csproj", "{44E81B35-BA39-47AD-9B67-FBAFC925CACA}"
EndProject
Project("{FAE04EC0-301F-11D3-BF4B-00C04F79EFBC}") = "AM_ThermoPeakDataExporter", "Plugins\AM_ThermoPeakDataExporter\AM_ThermoPeakDataExporter.csproj", "{EE4D45FB-4CE6-4110-96FA-1C909BBEE793}"
EndProject
Project("{FAE04EC0-301F-11D3-BF4B-00C04F79EFBC}") = "AnalysisManagerMaxQuantPlugIn", "Plugins\AM_MaxQuant_PlugIn\AnalysisManagerMaxQuantPlugIn.csproj", "{12B6A7D7-4D7A-48D8-B18A-9033F3795F66}"
EndProject
Project("{FAE04EC0-301F-11D3-BF4B-00C04F79EFBC}") = "MSGFResultsSummarizerExe", "Plugins\AM_MSGF_PlugIn\MSGFResultsSummarizerExe\MSGFResultsSummarizerExe.csproj", "{6F9965FA-1606-42C1-AEE8-260E316CC39F}"
EndProject
Project("{FAE04EC0-301F-11D3-BF4B-00C04F79EFBC}") = "AnalysisManagerPepProtProphetPlugIn", "Plugins\AM_PepProtProphet_Plugin\AnalysisManagerPepProtProphetPlugIn.csproj", "{CCE46827-B4EE-4CD7-B9B5-6500B5DEDF9B}"
EndProject
Project("{FAE04EC0-301F-11D3-BF4B-00C04F79EFBC}") = "AnalysisManagerMSFraggerPlugIn", "Plugins\AM_MSFragger_Plugin\AnalysisManagerMSFraggerPlugIn.csproj", "{DAE7C38E-A9AC-44C2-AC16-F3CEA558927D}"
EndProject
Project("{FAE04EC0-301F-11D3-BF4B-00C04F79EFBC}") = "AnalysisManagerDiaNNPlugin", "Plugins\AM_DiaNN\AnalysisManagerDiaNNPlugin.csproj", "{AACAFC83-53C6-4495-A00A-9C8830A75E04}"
EndProject
Project("{FAE04EC0-301F-11D3-BF4B-00C04F79EFBC}") = "AnalysisManagerFragPipePlugin", "Plugins\AM_FragPipe_Plugin\AnalysisManagerFragPipePlugin.csproj", "{B21AA487-8B9E-46B7-BD72-B5E0F5A4A05D}"
EndProject
Global
	GlobalSection(SolutionConfigurationPlatforms) = preSolution
		Debug|Any CPU = Debug|Any CPU
		Release|Any CPU = Release|Any CPU
	EndGlobalSection
	GlobalSection(ProjectConfigurationPlatforms) = postSolution
		{41393E6D-5164-462C-81EE-C1A07CFAD4C2}.Debug|Any CPU.ActiveCfg = Debug|Any CPU
		{41393E6D-5164-462C-81EE-C1A07CFAD4C2}.Debug|Any CPU.Build.0 = Debug|Any CPU
		{41393E6D-5164-462C-81EE-C1A07CFAD4C2}.Release|Any CPU.ActiveCfg = Release|Any CPU
		{41393E6D-5164-462C-81EE-C1A07CFAD4C2}.Release|Any CPU.Build.0 = Release|Any CPU
		{867C284C-E17D-4E01-8E8F-0C6557CDDBD7}.Debug|Any CPU.ActiveCfg = Debug|Any CPU
		{867C284C-E17D-4E01-8E8F-0C6557CDDBD7}.Debug|Any CPU.Build.0 = Debug|Any CPU
		{867C284C-E17D-4E01-8E8F-0C6557CDDBD7}.Release|Any CPU.ActiveCfg = Release|Any CPU
		{867C284C-E17D-4E01-8E8F-0C6557CDDBD7}.Release|Any CPU.Build.0 = Release|Any CPU
		{CA155567-FD6E-4FB2-9223-AA544FDF6CB1}.Debug|Any CPU.ActiveCfg = Debug|Any CPU
		{CA155567-FD6E-4FB2-9223-AA544FDF6CB1}.Debug|Any CPU.Build.0 = Debug|Any CPU
		{CA155567-FD6E-4FB2-9223-AA544FDF6CB1}.Release|Any CPU.ActiveCfg = Release|Any CPU
		{CA155567-FD6E-4FB2-9223-AA544FDF6CB1}.Release|Any CPU.Build.0 = Release|Any CPU
		{4E7586EC-4A03-433B-B98D-393DA95C020C}.Debug|Any CPU.ActiveCfg = Debug|Any CPU
		{4E7586EC-4A03-433B-B98D-393DA95C020C}.Debug|Any CPU.Build.0 = Debug|Any CPU
		{4E7586EC-4A03-433B-B98D-393DA95C020C}.Release|Any CPU.ActiveCfg = Release|Any CPU
		{4E7586EC-4A03-433B-B98D-393DA95C020C}.Release|Any CPU.Build.0 = Release|Any CPU
		{7E950799-BC28-4790-B0BF-2631AB660E17}.Debug|Any CPU.ActiveCfg = Debug|Any CPU
		{7E950799-BC28-4790-B0BF-2631AB660E17}.Debug|Any CPU.Build.0 = Debug|Any CPU
		{7E950799-BC28-4790-B0BF-2631AB660E17}.Release|Any CPU.ActiveCfg = Release|Any CPU
		{7E950799-BC28-4790-B0BF-2631AB660E17}.Release|Any CPU.Build.0 = Release|Any CPU
		{657B81BF-1D50-4289-878A-CAAE154835C4}.Debug|Any CPU.ActiveCfg = Debug|Any CPU
		{657B81BF-1D50-4289-878A-CAAE154835C4}.Debug|Any CPU.Build.0 = Debug|Any CPU
		{657B81BF-1D50-4289-878A-CAAE154835C4}.Release|Any CPU.ActiveCfg = Release|Any CPU
		{657B81BF-1D50-4289-878A-CAAE154835C4}.Release|Any CPU.Build.0 = Release|Any CPU
		{AA0848C0-5407-4ED6-9FE4-720BF6E63BAE}.Debug|Any CPU.ActiveCfg = Debug|Any CPU
		{AA0848C0-5407-4ED6-9FE4-720BF6E63BAE}.Debug|Any CPU.Build.0 = Debug|Any CPU
		{AA0848C0-5407-4ED6-9FE4-720BF6E63BAE}.Release|Any CPU.ActiveCfg = Release|Any CPU
		{AA0848C0-5407-4ED6-9FE4-720BF6E63BAE}.Release|Any CPU.Build.0 = Release|Any CPU
		{DD269705-9BF2-413C-9984-198ECFB300DF}.Debug|Any CPU.ActiveCfg = Debug|Any CPU
		{DD269705-9BF2-413C-9984-198ECFB300DF}.Debug|Any CPU.Build.0 = Debug|Any CPU
		{DD269705-9BF2-413C-9984-198ECFB300DF}.Release|Any CPU.ActiveCfg = Release|Any CPU
		{DD269705-9BF2-413C-9984-198ECFB300DF}.Release|Any CPU.Build.0 = Release|Any CPU
		{9349F3CD-E706-455A-A002-20A1C4EE3AB0}.Debug|Any CPU.ActiveCfg = Debug|Any CPU
		{9349F3CD-E706-455A-A002-20A1C4EE3AB0}.Debug|Any CPU.Build.0 = Debug|Any CPU
		{9349F3CD-E706-455A-A002-20A1C4EE3AB0}.Release|Any CPU.ActiveCfg = Release|Any CPU
		{9349F3CD-E706-455A-A002-20A1C4EE3AB0}.Release|Any CPU.Build.0 = Release|Any CPU
		{4AACC633-3F37-4102-AC9D-E23AB1EDC5BF}.Debug|Any CPU.ActiveCfg = Debug|Any CPU
		{4AACC633-3F37-4102-AC9D-E23AB1EDC5BF}.Debug|Any CPU.Build.0 = Debug|Any CPU
		{4AACC633-3F37-4102-AC9D-E23AB1EDC5BF}.Release|Any CPU.ActiveCfg = Release|Any CPU
		{4AACC633-3F37-4102-AC9D-E23AB1EDC5BF}.Release|Any CPU.Build.0 = Release|Any CPU
		{EC6B65D1-30E9-4AEF-A360-52E99056BD61}.Debug|Any CPU.ActiveCfg = Debug|Any CPU
		{EC6B65D1-30E9-4AEF-A360-52E99056BD61}.Debug|Any CPU.Build.0 = Debug|Any CPU
		{EC6B65D1-30E9-4AEF-A360-52E99056BD61}.Release|Any CPU.ActiveCfg = Release|Any CPU
		{EC6B65D1-30E9-4AEF-A360-52E99056BD61}.Release|Any CPU.Build.0 = Release|Any CPU
		{0F3AF0B0-8CE4-4B2C-B243-7862271C4D1E}.Debug|Any CPU.ActiveCfg = Debug|Any CPU
		{0F3AF0B0-8CE4-4B2C-B243-7862271C4D1E}.Debug|Any CPU.Build.0 = Debug|Any CPU
		{0F3AF0B0-8CE4-4B2C-B243-7862271C4D1E}.Release|Any CPU.ActiveCfg = Release|Any CPU
		{0F3AF0B0-8CE4-4B2C-B243-7862271C4D1E}.Release|Any CPU.Build.0 = Release|Any CPU
		{2999072A-B9F2-4E0E-976A-76C74A6F2B53}.Debug|Any CPU.ActiveCfg = Debug|Any CPU
		{2999072A-B9F2-4E0E-976A-76C74A6F2B53}.Debug|Any CPU.Build.0 = Debug|Any CPU
		{2999072A-B9F2-4E0E-976A-76C74A6F2B53}.Release|Any CPU.ActiveCfg = Release|Any CPU
		{2999072A-B9F2-4E0E-976A-76C74A6F2B53}.Release|Any CPU.Build.0 = Release|Any CPU
		{7A6DE396-7309-43E1-8F8A-B387709508DD}.Debug|Any CPU.ActiveCfg = Debug|Any CPU
		{7A6DE396-7309-43E1-8F8A-B387709508DD}.Debug|Any CPU.Build.0 = Debug|Any CPU
		{7A6DE396-7309-43E1-8F8A-B387709508DD}.Release|Any CPU.ActiveCfg = Release|Any CPU
		{7A6DE396-7309-43E1-8F8A-B387709508DD}.Release|Any CPU.Build.0 = Release|Any CPU
		{2A46F87F-966D-45AE-BFF2-CDB24AD06143}.Debug|Any CPU.ActiveCfg = Debug|Any CPU
		{2A46F87F-966D-45AE-BFF2-CDB24AD06143}.Debug|Any CPU.Build.0 = Debug|Any CPU
		{2A46F87F-966D-45AE-BFF2-CDB24AD06143}.Release|Any CPU.ActiveCfg = Release|Any CPU
		{2A46F87F-966D-45AE-BFF2-CDB24AD06143}.Release|Any CPU.Build.0 = Release|Any CPU
		{02D682E5-F70F-4C46-BAC8-1C18920FFF22}.Debug|Any CPU.ActiveCfg = Debug|Any CPU
		{02D682E5-F70F-4C46-BAC8-1C18920FFF22}.Debug|Any CPU.Build.0 = Debug|Any CPU
		{02D682E5-F70F-4C46-BAC8-1C18920FFF22}.Release|Any CPU.ActiveCfg = Release|Any CPU
		{02D682E5-F70F-4C46-BAC8-1C18920FFF22}.Release|Any CPU.Build.0 = Release|Any CPU
		{4A642BDC-EF25-4DFC-9B77-3278AB5AC08A}.Debug|Any CPU.ActiveCfg = Debug|Any CPU
		{4A642BDC-EF25-4DFC-9B77-3278AB5AC08A}.Debug|Any CPU.Build.0 = Debug|Any CPU
		{4A642BDC-EF25-4DFC-9B77-3278AB5AC08A}.Release|Any CPU.ActiveCfg = Release|Any CPU
		{4A642BDC-EF25-4DFC-9B77-3278AB5AC08A}.Release|Any CPU.Build.0 = Release|Any CPU
		{EDDE6076-0959-40E8-8760-08B29F66AB01}.Debug|Any CPU.ActiveCfg = Debug|Any CPU
		{EDDE6076-0959-40E8-8760-08B29F66AB01}.Debug|Any CPU.Build.0 = Debug|Any CPU
		{EDDE6076-0959-40E8-8760-08B29F66AB01}.Release|Any CPU.ActiveCfg = Release|Any CPU
		{EDDE6076-0959-40E8-8760-08B29F66AB01}.Release|Any CPU.Build.0 = Release|Any CPU
		{0A52C911-BC1A-4AA1-83A4-3AD97EF93F31}.Debug|Any CPU.ActiveCfg = Debug|Any CPU
		{0A52C911-BC1A-4AA1-83A4-3AD97EF93F31}.Debug|Any CPU.Build.0 = Debug|Any CPU
		{0A52C911-BC1A-4AA1-83A4-3AD97EF93F31}.Release|Any CPU.ActiveCfg = Release|Any CPU
		{0A52C911-BC1A-4AA1-83A4-3AD97EF93F31}.Release|Any CPU.Build.0 = Release|Any CPU
		{E29686F3-709C-4C38-8B9F-534F71682770}.Debug|Any CPU.ActiveCfg = Debug|Any CPU
		{E29686F3-709C-4C38-8B9F-534F71682770}.Debug|Any CPU.Build.0 = Debug|Any CPU
		{E29686F3-709C-4C38-8B9F-534F71682770}.Release|Any CPU.ActiveCfg = Release|Any CPU
		{E29686F3-709C-4C38-8B9F-534F71682770}.Release|Any CPU.Build.0 = Release|Any CPU
		{894D4C6C-FD28-44D2-A570-2600ED2C787E}.Debug|Any CPU.ActiveCfg = Debug|Any CPU
		{894D4C6C-FD28-44D2-A570-2600ED2C787E}.Debug|Any CPU.Build.0 = Debug|Any CPU
		{894D4C6C-FD28-44D2-A570-2600ED2C787E}.Release|Any CPU.ActiveCfg = Release|Any CPU
		{894D4C6C-FD28-44D2-A570-2600ED2C787E}.Release|Any CPU.Build.0 = Release|Any CPU
		{46993519-3E09-475B-B836-7A32108AAFD1}.Debug|Any CPU.ActiveCfg = Debug|Any CPU
		{46993519-3E09-475B-B836-7A32108AAFD1}.Debug|Any CPU.Build.0 = Debug|Any CPU
		{46993519-3E09-475B-B836-7A32108AAFD1}.Release|Any CPU.ActiveCfg = Release|Any CPU
		{46993519-3E09-475B-B836-7A32108AAFD1}.Release|Any CPU.Build.0 = Release|Any CPU
		{62E15FEE-C239-4896-8FD2-7551A5D1A070}.Debug|Any CPU.ActiveCfg = Debug|Any CPU
		{62E15FEE-C239-4896-8FD2-7551A5D1A070}.Debug|Any CPU.Build.0 = Debug|Any CPU
		{62E15FEE-C239-4896-8FD2-7551A5D1A070}.Release|Any CPU.ActiveCfg = Release|Any CPU
		{62E15FEE-C239-4896-8FD2-7551A5D1A070}.Release|Any CPU.Build.0 = Release|Any CPU
		{2B8D4538-555C-4D01-A508-A75CBE76147C}.Debug|Any CPU.ActiveCfg = Debug|Any CPU
		{2B8D4538-555C-4D01-A508-A75CBE76147C}.Debug|Any CPU.Build.0 = Debug|Any CPU
		{2B8D4538-555C-4D01-A508-A75CBE76147C}.Release|Any CPU.ActiveCfg = Release|Any CPU
		{2B8D4538-555C-4D01-A508-A75CBE76147C}.Release|Any CPU.Build.0 = Release|Any CPU
		{5A93C411-3A34-4C0B-A84D-EFFA65BAD19E}.Debug|Any CPU.ActiveCfg = Debug|Any CPU
		{5A93C411-3A34-4C0B-A84D-EFFA65BAD19E}.Debug|Any CPU.Build.0 = Debug|Any CPU
		{5A93C411-3A34-4C0B-A84D-EFFA65BAD19E}.Release|Any CPU.ActiveCfg = Release|Any CPU
		{5A93C411-3A34-4C0B-A84D-EFFA65BAD19E}.Release|Any CPU.Build.0 = Release|Any CPU
		{A6C648E6-F0C4-4A76-9740-0DCF39973E84}.Debug|Any CPU.ActiveCfg = Debug|Any CPU
		{A6C648E6-F0C4-4A76-9740-0DCF39973E84}.Debug|Any CPU.Build.0 = Debug|Any CPU
		{A6C648E6-F0C4-4A76-9740-0DCF39973E84}.Release|Any CPU.ActiveCfg = Release|Any CPU
		{A6C648E6-F0C4-4A76-9740-0DCF39973E84}.Release|Any CPU.Build.0 = Release|Any CPU
		{AEC999A5-5321-48AA-860E-8756DB701466}.Debug|Any CPU.ActiveCfg = Debug|Any CPU
		{AEC999A5-5321-48AA-860E-8756DB701466}.Debug|Any CPU.Build.0 = Debug|Any CPU
		{AEC999A5-5321-48AA-860E-8756DB701466}.Release|Any CPU.ActiveCfg = Release|Any CPU
		{AEC999A5-5321-48AA-860E-8756DB701466}.Release|Any CPU.Build.0 = Release|Any CPU
		{BC82FA0C-5BB5-4D84-BB6B-5F6B3E0670DB}.Debug|Any CPU.ActiveCfg = Debug|Any CPU
		{BC82FA0C-5BB5-4D84-BB6B-5F6B3E0670DB}.Debug|Any CPU.Build.0 = Debug|Any CPU
		{BC82FA0C-5BB5-4D84-BB6B-5F6B3E0670DB}.Release|Any CPU.ActiveCfg = Release|Any CPU
		{BC82FA0C-5BB5-4D84-BB6B-5F6B3E0670DB}.Release|Any CPU.Build.0 = Release|Any CPU
		{E3C76058-381B-4F60-97E5-879A8F634BDA}.Debug|Any CPU.ActiveCfg = Debug|Any CPU
		{E3C76058-381B-4F60-97E5-879A8F634BDA}.Debug|Any CPU.Build.0 = Debug|Any CPU
		{E3C76058-381B-4F60-97E5-879A8F634BDA}.Release|Any CPU.ActiveCfg = Release|Any CPU
		{E3C76058-381B-4F60-97E5-879A8F634BDA}.Release|Any CPU.Build.0 = Release|Any CPU
		{5ADEE0CA-782C-4039-978A-C43CD171BA09}.Debug|Any CPU.ActiveCfg = Debug|Any CPU
		{5ADEE0CA-782C-4039-978A-C43CD171BA09}.Debug|Any CPU.Build.0 = Debug|Any CPU
		{5ADEE0CA-782C-4039-978A-C43CD171BA09}.Release|Any CPU.ActiveCfg = Release|Any CPU
		{5ADEE0CA-782C-4039-978A-C43CD171BA09}.Release|Any CPU.Build.0 = Release|Any CPU
		{F797EDD0-F632-45B8-8421-1F4A3F50314A}.Debug|Any CPU.ActiveCfg = Debug|Any CPU
		{F797EDD0-F632-45B8-8421-1F4A3F50314A}.Debug|Any CPU.Build.0 = Debug|Any CPU
		{F797EDD0-F632-45B8-8421-1F4A3F50314A}.Release|Any CPU.ActiveCfg = Release|Any CPU
		{F797EDD0-F632-45B8-8421-1F4A3F50314A}.Release|Any CPU.Build.0 = Release|Any CPU
		{F418E32A-6B5F-4F40-809E-730D20F32FA1}.Debug|Any CPU.ActiveCfg = Debug|Any CPU
		{F418E32A-6B5F-4F40-809E-730D20F32FA1}.Debug|Any CPU.Build.0 = Debug|Any CPU
		{F418E32A-6B5F-4F40-809E-730D20F32FA1}.Release|Any CPU.ActiveCfg = Release|Any CPU
		{F418E32A-6B5F-4F40-809E-730D20F32FA1}.Release|Any CPU.Build.0 = Release|Any CPU
		{60C3570F-82BD-4103-AC4B-AC6CDD4A729C}.Debug|Any CPU.ActiveCfg = Debug|Any CPU
		{60C3570F-82BD-4103-AC4B-AC6CDD4A729C}.Debug|Any CPU.Build.0 = Debug|Any CPU
		{60C3570F-82BD-4103-AC4B-AC6CDD4A729C}.Release|Any CPU.ActiveCfg = Release|Any CPU
		{60C3570F-82BD-4103-AC4B-AC6CDD4A729C}.Release|Any CPU.Build.0 = Release|Any CPU
		{35B6B79E-C3B0-4E3A-B3ED-64167A470D7E}.Debug|Any CPU.ActiveCfg = Debug|Any CPU
		{35B6B79E-C3B0-4E3A-B3ED-64167A470D7E}.Debug|Any CPU.Build.0 = Debug|Any CPU
		{35B6B79E-C3B0-4E3A-B3ED-64167A470D7E}.Release|Any CPU.ActiveCfg = Release|Any CPU
		{35B6B79E-C3B0-4E3A-B3ED-64167A470D7E}.Release|Any CPU.Build.0 = Release|Any CPU
		{A939D260-136F-4400-8750-1B3E9E57F2F8}.Debug|Any CPU.ActiveCfg = Debug|Any CPU
		{A939D260-136F-4400-8750-1B3E9E57F2F8}.Debug|Any CPU.Build.0 = Debug|Any CPU
		{A939D260-136F-4400-8750-1B3E9E57F2F8}.Release|Any CPU.ActiveCfg = Release|Any CPU
		{A939D260-136F-4400-8750-1B3E9E57F2F8}.Release|Any CPU.Build.0 = Release|Any CPU
		{0D58E37F-A5FB-4529-BF14-8F4BA9BB2EBF}.Debug|Any CPU.ActiveCfg = Debug|Any CPU
		{0D58E37F-A5FB-4529-BF14-8F4BA9BB2EBF}.Debug|Any CPU.Build.0 = Debug|Any CPU
		{0D58E37F-A5FB-4529-BF14-8F4BA9BB2EBF}.Release|Any CPU.ActiveCfg = Release|Any CPU
		{0D58E37F-A5FB-4529-BF14-8F4BA9BB2EBF}.Release|Any CPU.Build.0 = Release|Any CPU
		{C41EF735-13A0-4B9D-B4E1-4867C1F9450F}.Debug|Any CPU.ActiveCfg = Debug|Any CPU
		{C41EF735-13A0-4B9D-B4E1-4867C1F9450F}.Debug|Any CPU.Build.0 = Debug|Any CPU
		{C41EF735-13A0-4B9D-B4E1-4867C1F9450F}.Release|Any CPU.ActiveCfg = Release|Any CPU
		{C41EF735-13A0-4B9D-B4E1-4867C1F9450F}.Release|Any CPU.Build.0 = Release|Any CPU
		{0E0AFB73-3BAC-4093-8F25-B411E8416623}.Debug|Any CPU.ActiveCfg = Debug|Any CPU
		{0E0AFB73-3BAC-4093-8F25-B411E8416623}.Debug|Any CPU.Build.0 = Debug|Any CPU
		{0E0AFB73-3BAC-4093-8F25-B411E8416623}.Release|Any CPU.ActiveCfg = Release|Any CPU
		{0E0AFB73-3BAC-4093-8F25-B411E8416623}.Release|Any CPU.Build.0 = Release|Any CPU
		{E5D7B07E-CB50-4098-8849-7ADA965C642F}.Debug|Any CPU.ActiveCfg = Debug|Any CPU
		{E5D7B07E-CB50-4098-8849-7ADA965C642F}.Debug|Any CPU.Build.0 = Debug|Any CPU
		{E5D7B07E-CB50-4098-8849-7ADA965C642F}.Release|Any CPU.ActiveCfg = Release|Any CPU
		{E5D7B07E-CB50-4098-8849-7ADA965C642F}.Release|Any CPU.Build.0 = Release|Any CPU
		{44E81B35-BA39-47AD-9B67-FBAFC925CACA}.Debug|Any CPU.ActiveCfg = Debug|Any CPU
		{44E81B35-BA39-47AD-9B67-FBAFC925CACA}.Debug|Any CPU.Build.0 = Debug|Any CPU
		{44E81B35-BA39-47AD-9B67-FBAFC925CACA}.Release|Any CPU.ActiveCfg = Release|Any CPU
		{44E81B35-BA39-47AD-9B67-FBAFC925CACA}.Release|Any CPU.Build.0 = Release|Any CPU
		{EE4D45FB-4CE6-4110-96FA-1C909BBEE793}.Debug|Any CPU.ActiveCfg = Debug|Any CPU
		{EE4D45FB-4CE6-4110-96FA-1C909BBEE793}.Debug|Any CPU.Build.0 = Debug|Any CPU
		{EE4D45FB-4CE6-4110-96FA-1C909BBEE793}.Release|Any CPU.ActiveCfg = Release|Any CPU
		{EE4D45FB-4CE6-4110-96FA-1C909BBEE793}.Release|Any CPU.Build.0 = Release|Any CPU
		{12B6A7D7-4D7A-48D8-B18A-9033F3795F66}.Debug|Any CPU.ActiveCfg = Debug|Any CPU
		{12B6A7D7-4D7A-48D8-B18A-9033F3795F66}.Debug|Any CPU.Build.0 = Debug|Any CPU
		{12B6A7D7-4D7A-48D8-B18A-9033F3795F66}.Release|Any CPU.ActiveCfg = Release|Any CPU
		{12B6A7D7-4D7A-48D8-B18A-9033F3795F66}.Release|Any CPU.Build.0 = Release|Any CPU
		{6F9965FA-1606-42C1-AEE8-260E316CC39F}.Debug|Any CPU.ActiveCfg = Debug|Any CPU
		{6F9965FA-1606-42C1-AEE8-260E316CC39F}.Debug|Any CPU.Build.0 = Debug|Any CPU
		{6F9965FA-1606-42C1-AEE8-260E316CC39F}.Release|Any CPU.ActiveCfg = Release|Any CPU
		{6F9965FA-1606-42C1-AEE8-260E316CC39F}.Release|Any CPU.Build.0 = Release|Any CPU
		{CCE46827-B4EE-4CD7-B9B5-6500B5DEDF9B}.Debug|Any CPU.ActiveCfg = Debug|Any CPU
		{CCE46827-B4EE-4CD7-B9B5-6500B5DEDF9B}.Debug|Any CPU.Build.0 = Debug|Any CPU
		{CCE46827-B4EE-4CD7-B9B5-6500B5DEDF9B}.Release|Any CPU.ActiveCfg = Release|Any CPU
		{CCE46827-B4EE-4CD7-B9B5-6500B5DEDF9B}.Release|Any CPU.Build.0 = Release|Any CPU
		{DAE7C38E-A9AC-44C2-AC16-F3CEA558927D}.Debug|Any CPU.ActiveCfg = Debug|Any CPU
		{DAE7C38E-A9AC-44C2-AC16-F3CEA558927D}.Debug|Any CPU.Build.0 = Debug|Any CPU
		{DAE7C38E-A9AC-44C2-AC16-F3CEA558927D}.Release|Any CPU.ActiveCfg = Release|Any CPU
		{DAE7C38E-A9AC-44C2-AC16-F3CEA558927D}.Release|Any CPU.Build.0 = Release|Any CPU
		{AACAFC83-53C6-4495-A00A-9C8830A75E04}.Debug|Any CPU.ActiveCfg = Debug|Any CPU
		{AACAFC83-53C6-4495-A00A-9C8830A75E04}.Debug|Any CPU.Build.0 = Debug|Any CPU
		{AACAFC83-53C6-4495-A00A-9C8830A75E04}.Release|Any CPU.ActiveCfg = Release|Any CPU
		{AACAFC83-53C6-4495-A00A-9C8830A75E04}.Release|Any CPU.Build.0 = Release|Any CPU
		{B21AA487-8B9E-46B7-BD72-B5E0F5A4A05D}.Debug|Any CPU.ActiveCfg = Debug|Any CPU
		{B21AA487-8B9E-46B7-BD72-B5E0F5A4A05D}.Debug|Any CPU.Build.0 = Debug|Any CPU
		{B21AA487-8B9E-46B7-BD72-B5E0F5A4A05D}.Release|Any CPU.ActiveCfg = Release|Any CPU
		{B21AA487-8B9E-46B7-BD72-B5E0F5A4A05D}.Release|Any CPU.Build.0 = Release|Any CPU
	EndGlobalSection
	GlobalSection(SolutionProperties) = preSolution
		HideSolutionNode = FALSE
	EndGlobalSection
	GlobalSection(ExtensibilityGlobals) = postSolution
		SolutionGuid = {3E023407-F3FE-4A3E-A371-101C356D478C}
	EndGlobalSection
EndGlobal
