Microsoft Visual Studio Solution File, Format Version 12.00
# Visual Studio Version 17
VisualStudioVersion = 17.0.31919.166
MinimumVisualStudioVersion = 10.0.40219.1
Project("{FAE04EC0-301F-11D3-BF4B-00C04F79EFBC}") = "AnalysisManagerProg_Debug", "AM_Program\AnalysisManagerProg_Debug.csproj", "{A939D260-136F-4400-8750-1B3E9E57F2F8}"
EndProject
Project("{FAE04EC0-301F-11D3-BF4B-00C04F79EFBC}") = "AM_Shared", "AM_Shared\AM_Shared.csproj", "{35B6B79E-C3B0-4E3A-B3ED-64167A470D7E}"
EndProject
Project("{FAE04EC0-301F-11D3-BF4B-00C04F79EFBC}") = "AnalysisManagerTest", "AnalysisManagerTest\AnalysisManagerTest.csproj", "{D143C403-FAF2-4B3E-8603-1B37221A23FD}"
EndProject
Project("{FAE04EC0-301F-11D3-BF4B-00C04F79EFBC}") = "AnalysisManagerMSGFDBPlugIn", "Plugins\AM_MSGFDB_PlugIn\AnalysisManagerMSGFDBPlugIn.csproj", "{44E81B35-BA39-47AD-9B67-FBAFC925CACA}"
EndProject
Project("{FAE04EC0-301F-11D3-BF4B-00C04F79EFBC}") = "AnalysisManagerMSFraggerPlugIn", "Plugins\AM_MSFragger_Plugin\AnalysisManagerMSFraggerPlugIn.csproj", "{DAE7C38E-A9AC-44C2-AC16-F3CEA558927D}"
EndProject
Project("{FAE04EC0-301F-11D3-BF4B-00C04F79EFBC}") = "AnalysisManagerMzRefineryPlugIn", "Plugins\AM_Mz_Refinery_Plugin\AnalysisManagerMzRefineryPlugIn.csproj", "{2B8D4538-555C-4D01-A508-A75CBE76147C}"
EndProject
Project("{FAE04EC0-301F-11D3-BF4B-00C04F79EFBC}") = "AnalysisManagerMaxQuantPlugIn", "Plugins\AM_MaxQuant_PlugIn\AnalysisManagerMaxQuantPlugIn.csproj", "{12B6A7D7-4D7A-48D8-B18A-9033F3795F66}"
EndProject
Project("{FAE04EC0-301F-11D3-BF4B-00C04F79EFBC}") = "AnalysisManagerPepProtProphetPlugIn", "Plugins\AM_PepProtProphet_Plugin\AnalysisManagerPepProtProphetPlugIn.csproj", "{CCE46827-B4EE-4CD7-B9B5-6500B5DEDF9B}"
EndProject
Project("{FAE04EC0-301F-11D3-BF4B-00C04F79EFBC}") = "AnalysisManagerExtractionPlugin", "Plugins\AM_Extraction_PlugIn\AnalysisManagerExtractionPlugin.csproj", "{657B81BF-1D50-4289-878A-CAAE154835C4}"
EndProject
Project("{FAE04EC0-301F-11D3-BF4B-00C04F79EFBC}") = "MSGFResultsSummarizer", "Plugins\AM_MSGF_PlugIn\MSGFResultsSummarizerDLL\MSGFResultsSummarizer.csproj", "{60C3570F-82BD-4103-AC4B-AC6CDD4A729C}"
EndProject
Project("{FAE04EC0-301F-11D3-BF4B-00C04F79EFBC}") = "AnalysisManagerDiaNNPlugin", "Plugins\AM_DiaNN\AnalysisManagerDiaNNPlugin.csproj", "{AACAFC83-53C6-4495-A00A-9C8830A75E04}"
EndProject
Project("{FAE04EC0-301F-11D3-BF4B-00C04F79EFBC}") = "AnalysisManagerFragPipePlugin", "Plugins\AM_FragPipe_Plugin\AnalysisManagerFragPipePlugin.csproj", "{B21AA487-8B9E-46B7-BD72-B5E0F5A4A05D}"
EndProject
Global
	GlobalSection(SolutionConfigurationPlatforms) = preSolution
		Debug|Any CPU = Debug|Any CPU
		Release|Any CPU = Release|Any CPU
	EndGlobalSection
	GlobalSection(ProjectConfigurationPlatforms) = postSolution
		{A939D260-136F-4400-8750-1B3E9E57F2F8}.Debug|Any CPU.ActiveCfg = Debug|Any CPU
		{A939D260-136F-4400-8750-1B3E9E57F2F8}.Debug|Any CPU.Build.0 = Debug|Any CPU
		{A939D260-136F-4400-8750-1B3E9E57F2F8}.Release|Any CPU.ActiveCfg = Release|Any CPU
		{A939D260-136F-4400-8750-1B3E9E57F2F8}.Release|Any CPU.Build.0 = Release|Any CPU
		{35B6B79E-C3B0-4E3A-B3ED-64167A470D7E}.Debug|Any CPU.ActiveCfg = Debug|Any CPU
		{35B6B79E-C3B0-4E3A-B3ED-64167A470D7E}.Debug|Any CPU.Build.0 = Debug|Any CPU
		{35B6B79E-C3B0-4E3A-B3ED-64167A470D7E}.Release|Any CPU.ActiveCfg = Release|Any CPU
		{35B6B79E-C3B0-4E3A-B3ED-64167A470D7E}.Release|Any CPU.Build.0 = Release|Any CPU
		{D143C403-FAF2-4B3E-8603-1B37221A23FD}.Debug|Any CPU.ActiveCfg = Debug|Any CPU
		{D143C403-FAF2-4B3E-8603-1B37221A23FD}.Debug|Any CPU.Build.0 = Debug|Any CPU
		{D143C403-FAF2-4B3E-8603-1B37221A23FD}.Release|Any CPU.ActiveCfg = Release|Any CPU
		{D143C403-FAF2-4B3E-8603-1B37221A23FD}.Release|Any CPU.Build.0 = Release|Any CPU
		{44E81B35-BA39-47AD-9B67-FBAFC925CACA}.Debug|Any CPU.ActiveCfg = Debug|Any CPU
		{44E81B35-BA39-47AD-9B67-FBAFC925CACA}.Debug|Any CPU.Build.0 = Debug|Any CPU
		{44E81B35-BA39-47AD-9B67-FBAFC925CACA}.Release|Any CPU.ActiveCfg = Release|Any CPU
		{44E81B35-BA39-47AD-9B67-FBAFC925CACA}.Release|Any CPU.Build.0 = Release|Any CPU
		{DAE7C38E-A9AC-44C2-AC16-F3CEA558927D}.Debug|Any CPU.ActiveCfg = Debug|Any CPU
		{DAE7C38E-A9AC-44C2-AC16-F3CEA558927D}.Debug|Any CPU.Build.0 = Debug|Any CPU
		{DAE7C38E-A9AC-44C2-AC16-F3CEA558927D}.Release|Any CPU.ActiveCfg = Release|Any CPU
		{DAE7C38E-A9AC-44C2-AC16-F3CEA558927D}.Release|Any CPU.Build.0 = Release|Any CPU
		{2B8D4538-555C-4D01-A508-A75CBE76147C}.Debug|Any CPU.ActiveCfg = Debug|Any CPU
		{2B8D4538-555C-4D01-A508-A75CBE76147C}.Debug|Any CPU.Build.0 = Debug|Any CPU
		{2B8D4538-555C-4D01-A508-A75CBE76147C}.Release|Any CPU.ActiveCfg = Release|Any CPU
		{2B8D4538-555C-4D01-A508-A75CBE76147C}.Release|Any CPU.Build.0 = Release|Any CPU
		{12B6A7D7-4D7A-48D8-B18A-9033F3795F66}.Debug|Any CPU.ActiveCfg = Debug|Any CPU
		{12B6A7D7-4D7A-48D8-B18A-9033F3795F66}.Debug|Any CPU.Build.0 = Debug|Any CPU
		{12B6A7D7-4D7A-48D8-B18A-9033F3795F66}.Release|Any CPU.ActiveCfg = Release|Any CPU
		{12B6A7D7-4D7A-48D8-B18A-9033F3795F66}.Release|Any CPU.Build.0 = Release|Any CPU
		{CCE46827-B4EE-4CD7-B9B5-6500B5DEDF9B}.Debug|Any CPU.ActiveCfg = Debug|Any CPU
		{CCE46827-B4EE-4CD7-B9B5-6500B5DEDF9B}.Debug|Any CPU.Build.0 = Debug|Any CPU
		{CCE46827-B4EE-4CD7-B9B5-6500B5DEDF9B}.Release|Any CPU.ActiveCfg = Release|Any CPU
		{CCE46827-B4EE-4CD7-B9B5-6500B5DEDF9B}.Release|Any CPU.Build.0 = Release|Any CPU
		{657B81BF-1D50-4289-878A-CAAE154835C4}.Debug|Any CPU.ActiveCfg = Debug|Any CPU
		{657B81BF-1D50-4289-878A-CAAE154835C4}.Debug|Any CPU.Build.0 = Debug|Any CPU
		{657B81BF-1D50-4289-878A-CAAE154835C4}.Release|Any CPU.ActiveCfg = Release|Any CPU
		{657B81BF-1D50-4289-878A-CAAE154835C4}.Release|Any CPU.Build.0 = Release|Any CPU
		{60C3570F-82BD-4103-AC4B-AC6CDD4A729C}.Debug|Any CPU.ActiveCfg = Debug|Any CPU
		{60C3570F-82BD-4103-AC4B-AC6CDD4A729C}.Debug|Any CPU.Build.0 = Debug|Any CPU
		{60C3570F-82BD-4103-AC4B-AC6CDD4A729C}.Release|Any CPU.ActiveCfg = Release|Any CPU
		{60C3570F-82BD-4103-AC4B-AC6CDD4A729C}.Release|Any CPU.Build.0 = Release|Any CPU
		{AACAFC83-53C6-4495-A00A-9C8830A75E04}.Debug|Any CPU.ActiveCfg = Debug|Any CPU
		{AACAFC83-53C6-4495-A00A-9C8830A75E04}.Debug|Any CPU.Build.0 = Debug|Any CPU
		{AACAFC83-53C6-4495-A00A-9C8830A75E04}.Release|Any CPU.ActiveCfg = Release|Any CPU
		{AACAFC83-53C6-4495-A00A-9C8830A75E04}.Release|Any CPU.Build.0 = Release|Any CPU
		{B21AA487-8B9E-46B7-BD72-B5E0F5A4A05D}.Debug|Any CPU.ActiveCfg = Debug|Any CPU
		{B21AA487-8B9E-46B7-BD72-B5E0F5A4A05D}.Debug|Any CPU.Build.0 = Debug|Any CPU
		{B21AA487-8B9E-46B7-BD72-B5E0F5A4A05D}.Release|Any CPU.ActiveCfg = Release|Any CPU
		{B21AA487-8B9E-46B7-BD72-B5E0F5A4A05D}.Release|Any CPU.Build.0 = Release|Any CPU
	EndGlobalSection
	GlobalSection(SolutionProperties) = preSolution
		HideSolutionNode = FALSE
	EndGlobalSection
	GlobalSection(ExtensibilityGlobals) = postSolution
		SolutionGuid = {9AE7DDA8-86BF-4B95-81C2-FCA66D4D6798}
	EndGlobalSection
EndGlobal
