
Microsoft Visual Studio Solution File, Format Version 12.00
# Visual Studio 14
VisualStudioVersion = 14.0.25420.1
MinimumVisualStudioVersion = 10.0.40219.1
Project("{FAE04EC0-301F-11D3-BF4B-00C04F79EFBC}") = "AnalysisManager_RepoPkgr_PlugIn", "AnalysisManager_RepoPkgr_PlugIn.csproj", "{02AB78CA-A428-4EF8-918F-D8864172AE7E}"
EndProject
Project("{FAE04EC0-301F-11D3-BF4B-00C04F79EFBC}") = "AnalysisManagerMSXMLGenPlugIn", "..\AM_MSXML_Gen_PlugIn\AnalysisManagerMSXMLGenPlugIn.csproj", "{02D682E5-F70F-4C46-BAC8-1C18920FFF22}"
EndProject
Global
	GlobalSection(SolutionConfigurationPlatforms) = preSolution
		Debug|Any CPU = Debug|Any CPU
		Release|Any CPU = Release|Any CPU
	EndGlobalSection
	GlobalSection(ProjectConfigurationPlatforms) = postSolution
		{02AB78CA-A428-4EF8-918F-D8864172AE7E}.Debug|Any CPU.ActiveCfg = Debug|Any CPU
		{02AB78CA-A428-4EF8-918F-D8864172AE7E}.Debug|Any CPU.Build.0 = Debug|Any CPU
		{02AB78CA-A428-4EF8-918F-D8864172AE7E}.Release|Any CPU.ActiveCfg = Release|Any CPU
		{02AB78CA-A428-4EF8-918F-D8864172AE7E}.Release|Any CPU.Build.0 = Release|Any CPU
		{02D682E5-F70F-4C46-BAC8-1C18920FFF22}.Debug|Any CPU.ActiveCfg = Debug|Any CPU
		{02D682E5-F70F-4C46-BAC8-1C18920FFF22}.Debug|Any CPU.Build.0 = Debug|Any CPU
		{02D682E5-F70F-4C46-BAC8-1C18920FFF22}.Release|Any CPU.ActiveCfg = Release|Any CPU
		{02D682E5-F70F-4C46-BAC8-1C18920FFF22}.Release|Any CPU.Build.0 = Release|Any CPU
	EndGlobalSection
	GlobalSection(SolutionProperties) = preSolution
		HideSolutionNode = FALSE
	EndGlobalSection
EndGlobal
