
Microsoft Visual Studio Solution File, Format Version 12.00
# Visual Studio Version 16
VisualStudioVersion = 16.0.31129.286
MinimumVisualStudioVersion = 10.0.40219.1
Project("{FAE04EC0-301F-11D3-BF4B-00C04F79EFBC}") = "AnalysisManagerAScorePlugIn", "AnalysisManagerAScorePlugIn.csproj", "{867C284C-E17D-4E01-8E8F-0C6557CDDBD7}"
EndProject
Global
	GlobalSection(SolutionConfigurationPlatforms) = preSolution
		Debug|Any CPU = Debug|Any CPU
		Release|Any CPU = Release|Any CPU
	EndGlobalSection
	GlobalSection(ProjectConfigurationPlatforms) = postSolution
		{867C284C-E17D-4E01-8E8F-0C6557CDDBD7}.Debug|Any CPU.ActiveCfg = Debug|Any CPU
		{867C284C-E17D-4E01-8E8F-0C6557CDDBD7}.Debug|Any CPU.Build.0 = Debug|Any CPU
		{867C284C-E17D-4E01-8E8F-0C6557CDDBD7}.Release|Any CPU.ActiveCfg = Release|Any CPU
		{867C284C-E17D-4E01-8E8F-0C6557CDDBD7}.Release|Any CPU.Build.0 = Release|Any CPU
	EndGlobalSection
	GlobalSection(SolutionProperties) = preSolution
		HideSolutionNode = FALSE
	EndGlobalSection
	GlobalSection(ExtensibilityGlobals) = postSolution
		SolutionGuid = {D4C0C21F-61C8-4242-B24D-592C79D2E83B}
	EndGlobalSection
EndGlobal
