
Microsoft Visual Studio Solution File, Format Version 11.00
# Visual Studio 2010
Project("{FAE04EC0-301F-11D3-BF4B-00C04F79EFBC}") = "AnalysisManager_AScore_PlugIn", "AnalysisManager_AScore_PlugIn.csproj", "{867C284C-E17D-4E01-8E8F-0C6557CDDBD7}"
EndProject
Global
	GlobalSection(SolutionConfigurationPlatforms) = preSolution
		Debug|Any CPU = Debug|Any CPU
		Release|Any CPU = Release|Any CPU
	EndGlobalSection
	GlobalSection(ProjectConfigurationPlatforms) = postSolution
		{867C284C-E17D-4E01-8E8F-0C6557CDDBD7}.Debug|Any CPU.ActiveCfg = Debug|Any CPU
		{867C284C-E17D-4E01-8E8F-0C6557CDDBD7}.Debug|Any CPU.Build.0 = Debug|Any CPU
		{867C284C-E17D-4E01-8E8F-0C6557CDDBD7}.Release|Any CPU.ActiveCfg = Release|Any CPU
		{867C284C-E17D-4E01-8E8F-0C6557CDDBD7}.Release|Any CPU.Build.0 = Release|Any CPU
	EndGlobalSection
	GlobalSection(SolutionProperties) = preSolution
		HideSolutionNode = FALSE
	EndGlobalSection
EndGlobal
