
Microsoft Visual Studio Solution File, Format Version 12.00
# Visual Studio 15
VisualStudioVersion = 15.0.27703.2047
MinimumVisualStudioVersion = 10.0.40219.1
Project("{FAE04EC0-301F-11D3-BF4B-00C04F79EFBC}") = "AnalysisManagerTopPICPlugIn", "AnalysisManagerTopPICPlugIn.csproj", "{0E0AFB73-3BAC-4093-8F25-B411E8416623}"
EndProject
Global
	GlobalSection(SolutionConfigurationPlatforms) = preSolution
		Debug|Any CPU = Debug|Any CPU
		Release|Any CPU = Release|Any CPU
	EndGlobalSection
	GlobalSection(ProjectConfigurationPlatforms) = postSolution
		{0E0AFB73-3BAC-4093-8F25-B411E8416623}.Debug|Any CPU.ActiveCfg = Debug|Any CPU
		{0E0AFB73-3BAC-4093-8F25-B411E8416623}.Debug|Any CPU.Build.0 = Debug|Any CPU
		{0E0AFB73-3BAC-4093-8F25-B411E8416623}.Release|Any CPU.ActiveCfg = Release|Any CPU
		{0E0AFB73-3BAC-4093-8F25-B411E8416623}.Release|Any CPU.Build.0 = Release|Any CPU
	EndGlobalSection
	GlobalSection(SolutionProperties) = preSolution
		HideSolutionNode = FALSE
	EndGlobalSection
	GlobalSection(ExtensibilityGlobals) = postSolution
		SolutionGuid = {E9ED4C4E-2A37-47F7-AA0C-A2441DA78EB4}
	EndGlobalSection
EndGlobal
