Microsoft Visual Studio Solution File, Format Version 8.00
Project("{F184B08F-C81C-45F6-A57F-5ABD9991F28F}") = "AnalysisManagerBase", "AnalysisManagerBase\AnalysisManagerBase.vbproj", "{C2AA03BA-AE0D-4BD8-96EA-3A7FE118CE57}"
	ProjectSection(ProjectDependencies) = postProject
	EndProjectSection
EndProject
Project("{F184B08F-C81C-45F6-A57F-5ABD9991F28F}") = "AnalysisManagerMSMSBase", "AnalysisManagerMSMSBase\AnalysisManagerMSMSBase.vbproj", "{C96396FC-6236-405D-BF79-96F22ADB100D}"
	ProjectSection(ProjectDependencies) = postProject
	EndProjectSection
EndProject
Project("{F184B08F-C81C-45F6-A57F-5ABD9991F28F}") = "AnalysisManagerMSMSResourceBase", "AnalysisManagerMSMSResourceBase\AnalysisManagerMSMSResourceBase.vbproj", "{82EFD192-5E8D-4962-B8CB-84FB991CE8DC}"
	ProjectSection(ProjectDependencies) = postProject
	EndProjectSection
EndProject
Global
	GlobalSection(SolutionConfiguration) = preSolution
		Debug = Debug
		Release = Release
	EndGlobalSection
	GlobalSection(ProjectConfiguration) = postSolution
		{C2AA03BA-AE0D-4BD8-96EA-3A7FE118CE57}.Debug.ActiveCfg = Debug|.NET
		{C2AA03BA-AE0D-4BD8-96EA-3A7FE118CE57}.Debug.Build.0 = Debug|.NET
		{C2AA03BA-AE0D-4BD8-96EA-3A7FE118CE57}.Release.ActiveCfg = Release|.NET
		{C2AA03BA-AE0D-4BD8-96EA-3A7FE118CE57}.Release.Build.0 = Release|.NET
		{C96396FC-6236-405D-BF79-96F22ADB100D}.Debug.ActiveCfg = Debug|.NET
		{C96396FC-6236-405D-BF79-96F22ADB100D}.Debug.Build.0 = Debug|.NET
		{C96396FC-6236-405D-BF79-96F22ADB100D}.Release.ActiveCfg = Release|.NET
		{C96396FC-6236-405D-BF79-96F22ADB100D}.Release.Build.0 = Release|.NET
		{82EFD192-5E8D-4962-B8CB-84FB991CE8DC}.Debug.ActiveCfg = Debug|.NET
		{82EFD192-5E8D-4962-B8CB-84FB991CE8DC}.Debug.Build.0 = Debug|.NET
		{82EFD192-5E8D-4962-B8CB-84FB991CE8DC}.Release.ActiveCfg = Release|.NET
		{82EFD192-5E8D-4962-B8CB-84FB991CE8DC}.Release.Build.0 = Release|.NET
	EndGlobalSection
	GlobalSection(ExtensibilityGlobals) = postSolution
	EndGlobalSection
	GlobalSection(ExtensibilityAddIns) = postSolution
	EndGlobalSection
EndGlobal
