
Microsoft Visual Studio Solution File, Format Version 12.00
# Visual Studio Version 16
VisualStudioVersion = 16.0.28803.202
MinimumVisualStudioVersion = 10.0.40219.1
Project("{FAE04EC0-301F-11D3-BF4B-00C04F79EFBC}") = "AnalysisManagerPepProtProphetPlugIn", "AnalysisManagerPepProtProphetPlugIn.csproj", "{CCE46827-B4EE-4CD7-B9B5-6500B5DEDF9B}"
EndProject
Global
	GlobalSection(SolutionConfigurationPlatforms) = preSolution
		Debug|Any CPU = Debug|Any CPU
		Release|Any CPU = Release|Any CPU
	EndGlobalSection
	GlobalSection(ProjectConfigurationPlatforms) = postSolution
		{CCE46827-B4EE-4CD7-B9B5-6500B5DEDF9B}.Debug|Any CPU.ActiveCfg = Debug|Any CPU
		{CCE46827-B4EE-4CD7-B9B5-6500B5DEDF9B}.Debug|Any CPU.Build.0 = Debug|Any CPU
		{CCE46827-B4EE-4CD7-B9B5-6500B5DEDF9B}.Release|Any CPU.ActiveCfg = Release|Any CPU
		{CCE46827-B4EE-4CD7-B9B5-6500B5DEDF9B}.Release|Any CPU.Build.0 = Release|Any CPU
	EndGlobalSection
	GlobalSection(SolutionProperties) = preSolution
		HideSolutionNode = FALSE
	EndGlobalSection
	GlobalSection(ExtensibilityGlobals) = postSolution
		SolutionGuid = {13B92D59-04D7-48C1-93E1-E8A00480B83D}
	EndGlobalSection
EndGlobal
