Microsoft Visual Studio Solution File, Format Version 8.00
Project("{F184B08F-C81C-45F6-A57F-5ABD9991F28F}") = "AnalysisManagerICR2LSPlugIn", "AnalysisManagerICR2LSPlugIn.vbproj", "{55DB2CD1-1298-4414-8425-D79DEB7F8DE5}"
	ProjectSection(ProjectDependencies) = postProject
	EndProjectSection
EndProject
Global
	GlobalSection(SolutionConfiguration) = preSolution
		Debug = Debug
		Release = Release
	EndGlobalSection
	GlobalSection(ProjectConfiguration) = postSolution
		{55DB2CD1-1298-4414-8425-D79DEB7F8DE5}.Debug.ActiveCfg = Debug|.NET
		{55DB2CD1-1298-4414-8425-D79DEB7F8DE5}.Debug.Build.0 = Debug|.NET
		{55DB2CD1-1298-4414-8425-D79DEB7F8DE5}.Release.ActiveCfg = Release|.NET
		{55DB2CD1-1298-4414-8425-D79DEB7F8DE5}.Release.Build.0 = Release|.NET
	EndGlobalSection
	GlobalSection(ExtensibilityGlobals) = postSolution
	EndGlobalSection
	GlobalSection(ExtensibilityAddIns) = postSolution
	EndGlobalSection
EndGlobal
