
Microsoft Visual Studio Solution File, Format Version 12.00
# Visual Studio Version 16
VisualStudioVersion = 16.0.31025.194
MinimumVisualStudioVersion = 10.0.40219.1
Project("{FAE04EC0-301F-11D3-BF4B-00C04F79EFBC}") = "AnalysisManagerMaxQuantPlugIn", "AnalysisManagerMaxQuantPlugIn.csproj", "{12B6A7D7-4D7A-48D8-B18A-9033F3795F66}"
EndProject
Global
	GlobalSection(SolutionConfigurationPlatforms) = preSolution
		Debug|Any CPU = Debug|Any CPU
		Release|Any CPU = Release|Any CPU
	EndGlobalSection
	GlobalSection(ProjectConfigurationPlatforms) = postSolution
		{12B6A7D7-4D7A-48D8-B18A-9033F3795F66}.Debug|Any CPU.ActiveCfg = Debug|Any CPU
		{12B6A7D7-4D7A-48D8-B18A-9033F3795F66}.Debug|Any CPU.Build.0 = Debug|Any CPU
		{12B6A7D7-4D7A-48D8-B18A-9033F3795F66}.Release|Any CPU.ActiveCfg = Release|Any CPU
		{12B6A7D7-4D7A-48D8-B18A-9033F3795F66}.Release|Any CPU.Build.0 = Release|Any CPU
	EndGlobalSection
	GlobalSection(SolutionProperties) = preSolution
		HideSolutionNode = FALSE
	EndGlobalSection
	GlobalSection(ExtensibilityGlobals) = postSolution
		SolutionGuid = {86B504D1-7906-43F7-9EE8-72B6BABDAF68}
	EndGlobalSection
EndGlobal
