Microsoft Visual Studio Solution File, Format Version 11.00
# Visual Studio 2010
Project("{F184B08F-C81C-45F6-A57F-5ABD9991F28F}") = "AnalysisManagerMSGFPlugin", "AnalysisManagerMSGFPlugin.vbproj", "{7A6DE396-7309-43E1-8F8A-B387709508DD}"
EndProject
Global
	GlobalSection(SolutionConfigurationPlatforms) = preSolution
		Debug|Any CPU = Debug|Any CPU
		Debug|x86 = Debug|x86
		Release|Any CPU = Release|Any CPU
		Release|x86 = Release|x86
	EndGlobalSection
	GlobalSection(ProjectConfigurationPlatforms) = postSolution
		{7A6DE396-7309-43E1-8F8A-B387709508DD}.Debug|Any CPU.ActiveCfg = Debug|x86
		{7A6DE396-7309-43E1-8F8A-B387709508DD}.Debug|x86.ActiveCfg = Debug|x86
		{7A6DE396-7309-43E1-8F8A-B387709508DD}.Debug|x86.Build.0 = Debug|x86
		{7A6DE396-7309-43E1-8F8A-B387709508DD}.Release|Any CPU.ActiveCfg = Release|x86
		{7A6DE396-7309-43E1-8F8A-B387709508DD}.Release|x86.ActiveCfg = Release|x86
		{7A6DE396-7309-43E1-8F8A-B387709508DD}.Release|x86.Build.0 = Release|x86
	EndGlobalSection
	GlobalSection(SolutionProperties) = preSolution
		HideSolutionNode = FALSE
	EndGlobalSection
EndGlobal
