
Microsoft Visual Studio Solution File, Format Version 11.00
# Visual Studio 2010
Project("{FAE04EC0-301F-11D3-BF4B-00C04F79EFBC}") = "AnalysisManager_Ape_PlugIn", "AnalysisManager_Ape_PlugIn.csproj", "{41393E6D-5164-462C-81EE-C1A07CFAD4C2}"
EndProject
Global
	GlobalSection(SolutionConfigurationPlatforms) = preSolution
		Debug|x86 = Debug|x86
		Release|x86 = Release|x86
	EndGlobalSection
	GlobalSection(ProjectConfigurationPlatforms) = postSolution
		{41393E6D-5164-462C-81EE-C1A07CFAD4C2}.Debug|x86.ActiveCfg = Debug|Any CPU
		{41393E6D-5164-462C-81EE-C1A07CFAD4C2}.Debug|x86.Build.0 = Debug|Any CPU
		{41393E6D-5164-462C-81EE-C1A07CFAD4C2}.Release|x86.ActiveCfg = Release|Any CPU
	EndGlobalSection
	GlobalSection(SolutionProperties) = preSolution
		HideSolutionNode = FALSE
	EndGlobalSection
EndGlobal
