
Microsoft Visual Studio Solution File, Format Version 12.00
# Visual Studio Version 16
VisualStudioVersion = 16.0.31402.337
MinimumVisualStudioVersion = 10.0.40219.1
Project("{FAE04EC0-301F-11D3-BF4B-00C04F79EFBC}") = "AnalysisManagerExtractionPlugin", "AnalysisManagerExtractionPlugin.csproj", "{657B81BF-1D50-4289-878A-CAAE154835C4}"
EndProject
Project("{FAE04EC0-301F-11D3-BF4B-00C04F79EFBC}") = "AnalysisManagerMSGFDBPlugIn", "..\AM_MSGFDB_PlugIn\AnalysisManagerMSGFDBPlugIn.csproj", "{44E81B35-BA39-47AD-9B67-FBAFC925CACA}"
EndProject
Project("{FAE04EC0-301F-11D3-BF4B-00C04F79EFBC}") = "AnalysisManagerMSXMLGenPlugIn", "..\AM_MSXML_Gen_PlugIn\AnalysisManagerMSXMLGenPlugIn.csproj", "{02D682E5-F70F-4C46-BAC8-1C18920FFF22}"
EndProject
Project("{FAE04EC0-301F-11D3-BF4B-00C04F79EFBC}") = "MSGFResultsSummarizer", "..\AM_MSGF_PlugIn\MSGFResultsSummarizerDLL\MSGFResultsSummarizer.csproj", "{60C3570F-82BD-4103-AC4B-AC6CDD4A729C}"
EndProject
Global
	GlobalSection(SolutionConfigurationPlatforms) = preSolution
		Debug|Any CPU = Debug|Any CPU
		Release|Any CPU = Release|Any CPU
	EndGlobalSection
	GlobalSection(ProjectConfigurationPlatforms) = postSolution
		{657B81BF-1D50-4289-878A-CAAE154835C4}.Debug|Any CPU.ActiveCfg = Debug|Any CPU
		{657B81BF-1D50-4289-878A-CAAE154835C4}.Debug|Any CPU.Build.0 = Debug|Any CPU
		{657B81BF-1D50-4289-878A-CAAE154835C4}.Release|Any CPU.ActiveCfg = Release|Any CPU
		{657B81BF-1D50-4289-878A-CAAE154835C4}.Release|Any CPU.Build.0 = Release|Any CPU
		{44E81B35-BA39-47AD-9B67-FBAFC925CACA}.Debug|Any CPU.ActiveCfg = Debug|Any CPU
		{44E81B35-BA39-47AD-9B67-FBAFC925CACA}.Debug|Any CPU.Build.0 = Debug|Any CPU
		{44E81B35-BA39-47AD-9B67-FBAFC925CACA}.Release|Any CPU.ActiveCfg = Release|Any CPU
		{44E81B35-BA39-47AD-9B67-FBAFC925CACA}.Release|Any CPU.Build.0 = Release|Any CPU
		{02D682E5-F70F-4C46-BAC8-1C18920FFF22}.Debug|Any CPU.ActiveCfg = Debug|Any CPU
		{02D682E5-F70F-4C46-BAC8-1C18920FFF22}.Debug|Any CPU.Build.0 = Debug|Any CPU
		{02D682E5-F70F-4C46-BAC8-1C18920FFF22}.Release|Any CPU.ActiveCfg = Release|Any CPU
		{02D682E5-F70F-4C46-BAC8-1C18920FFF22}.Release|Any CPU.Build.0 = Release|Any CPU
		{60C3570F-82BD-4103-AC4B-AC6CDD4A729C}.Debug|Any CPU.ActiveCfg = Debug|Any CPU
		{60C3570F-82BD-4103-AC4B-AC6CDD4A729C}.Debug|Any CPU.Build.0 = Debug|Any CPU
		{60C3570F-82BD-4103-AC4B-AC6CDD4A729C}.Release|Any CPU.ActiveCfg = Release|Any CPU
		{60C3570F-82BD-4103-AC4B-AC6CDD4A729C}.Release|Any CPU.Build.0 = Release|Any CPU
	EndGlobalSection
	GlobalSection(SolutionProperties) = preSolution
		HideSolutionNode = FALSE
	EndGlobalSection
	GlobalSection(ExtensibilityGlobals) = postSolution
		SolutionGuid = {51C4733E-72E5-4575-A161-A0A05607752E}
	EndGlobalSection
EndGlobal
