
Microsoft Visual Studio Solution File, Format Version 12.00
# Visual Studio 14
VisualStudioVersion = 14.0.25420.1
MinimumVisualStudioVersion = 10.0.40219.1
Project("{F184B08F-C81C-45F6-A57F-5ABD9991F28F}") = "AnalysisManagerExtractionPlugin", "AnalysisManagerExtractionPlugin.vbproj", "{657B81BF-1D50-4289-878A-CAAE154835C4}"
EndProject
Project("{F184B08F-C81C-45F6-A57F-5ABD9991F28F}") = "AnalysisManagerMSGFDBPlugIn", "..\AM_MSGFDB_PlugIn\AnalysisManagerMSGFDBPlugIn.vbproj", "{44E81B35-BA39-47AD-9B67-FBAFC925CACA}"
EndProject
Project("{FAE04EC0-301F-11D3-BF4B-00C04F79EFBC}") = "AnalysisManagerMSGFPlugin", "..\AM_MSGF_PlugIn\AnalysisManagerMSGFPlugin.csproj", "{7A6DE396-7309-43E1-8F8A-B387709508DD}"
EndProject
Project("{FAE04EC0-301F-11D3-BF4B-00C04F79EFBC}") = "AnalysisManagerMSXMLGenPlugIn", "..\AM_MSXML_Gen_PlugIn\AnalysisManagerMSXMLGenPlugIn.csproj", "{02D682E5-F70F-4C46-BAC8-1C18920FFF22}"
EndProject
Project("{FAE04EC0-301F-11D3-BF4B-00C04F79EFBC}") = "MSGFResultsSummarizer", "..\AM_MSGF_PlugIn\MSGFResultsSummarizerDLL\MSGFResultsSummarizer.csproj", "{60C3570F-82BD-4103-AC4B-AC6CDD4A729C}"
EndProject
Global
	GlobalSection(SolutionConfigurationPlatforms) = preSolution
		Debug|Any CPU = Debug|Any CPU
		Debug|x86 = Debug|x86
		Release|Any CPU = Release|Any CPU
		Release|x86 = Release|x86
	EndGlobalSection
	GlobalSection(ProjectConfigurationPlatforms) = postSolution
		{657B81BF-1D50-4289-878A-CAAE154835C4}.Debug|Any CPU.ActiveCfg = Debug|Any CPU
		{657B81BF-1D50-4289-878A-CAAE154835C4}.Debug|Any CPU.Build.0 = Debug|Any CPU
		{657B81BF-1D50-4289-878A-CAAE154835C4}.Debug|x86.ActiveCfg = Debug|x86
		{657B81BF-1D50-4289-878A-CAAE154835C4}.Debug|x86.Build.0 = Debug|x86
		{657B81BF-1D50-4289-878A-CAAE154835C4}.Release|Any CPU.ActiveCfg = Release|Any CPU
		{657B81BF-1D50-4289-878A-CAAE154835C4}.Release|Any CPU.Build.0 = Release|Any CPU
		{657B81BF-1D50-4289-878A-CAAE154835C4}.Release|x86.ActiveCfg = Release|x86
		{44E81B35-BA39-47AD-9B67-FBAFC925CACA}.Debug|Any CPU.ActiveCfg = Debug|Any CPU
		{44E81B35-BA39-47AD-9B67-FBAFC925CACA}.Debug|Any CPU.Build.0 = Debug|Any CPU
		{44E81B35-BA39-47AD-9B67-FBAFC925CACA}.Debug|x86.ActiveCfg = Debug|x86
		{44E81B35-BA39-47AD-9B67-FBAFC925CACA}.Debug|x86.Build.0 = Debug|x86
		{44E81B35-BA39-47AD-9B67-FBAFC925CACA}.Release|Any CPU.ActiveCfg = Release|x86
		{44E81B35-BA39-47AD-9B67-FBAFC925CACA}.Release|x86.ActiveCfg = Release|x86
		{44E81B35-BA39-47AD-9B67-FBAFC925CACA}.Release|x86.Build.0 = Release|x86
		{7A6DE396-7309-43E1-8F8A-B387709508DD}.Debug|Any CPU.ActiveCfg = Debug|Any CPU
		{7A6DE396-7309-43E1-8F8A-B387709508DD}.Debug|Any CPU.Build.0 = Debug|Any CPU
		{7A6DE396-7309-43E1-8F8A-B387709508DD}.Debug|x86.ActiveCfg = Debug|Any CPU
		{7A6DE396-7309-43E1-8F8A-B387709508DD}.Release|Any CPU.ActiveCfg = Release|Any CPU
		{7A6DE396-7309-43E1-8F8A-B387709508DD}.Release|Any CPU.Build.0 = Release|Any CPU
		{7A6DE396-7309-43E1-8F8A-B387709508DD}.Release|x86.ActiveCfg = Release|Any CPU
		{02D682E5-F70F-4C46-BAC8-1C18920FFF22}.Debug|Any CPU.ActiveCfg = Debug|Any CPU
		{02D682E5-F70F-4C46-BAC8-1C18920FFF22}.Debug|Any CPU.Build.0 = Debug|Any CPU
		{02D682E5-F70F-4C46-BAC8-1C18920FFF22}.Debug|x86.ActiveCfg = Debug|Any CPU
		{02D682E5-F70F-4C46-BAC8-1C18920FFF22}.Release|Any CPU.ActiveCfg = Release|Any CPU
		{02D682E5-F70F-4C46-BAC8-1C18920FFF22}.Release|Any CPU.Build.0 = Release|Any CPU
		{02D682E5-F70F-4C46-BAC8-1C18920FFF22}.Release|x86.ActiveCfg = Release|Any CPU
		{60C3570F-82BD-4103-AC4B-AC6CDD4A729C}.Debug|Any CPU.ActiveCfg = Debug|Any CPU
		{60C3570F-82BD-4103-AC4B-AC6CDD4A729C}.Debug|Any CPU.Build.0 = Debug|Any CPU
		{60C3570F-82BD-4103-AC4B-AC6CDD4A729C}.Debug|x86.ActiveCfg = Debug|Any CPU
		{60C3570F-82BD-4103-AC4B-AC6CDD4A729C}.Debug|x86.Build.0 = Debug|Any CPU
		{60C3570F-82BD-4103-AC4B-AC6CDD4A729C}.Release|Any CPU.ActiveCfg = Release|Any CPU
		{60C3570F-82BD-4103-AC4B-AC6CDD4A729C}.Release|Any CPU.Build.0 = Release|Any CPU
		{60C3570F-82BD-4103-AC4B-AC6CDD4A729C}.Release|x86.ActiveCfg = Release|Any CPU
		{60C3570F-82BD-4103-AC4B-AC6CDD4A729C}.Release|x86.Build.0 = Release|Any CPU
	EndGlobalSection
	GlobalSection(SolutionProperties) = preSolution
		HideSolutionNode = FALSE
	EndGlobalSection
EndGlobal
