Microsoft Visual Studio Solution File, Format Version 10.00
# Visual Studio 2008
Project("{22D6B855-36BE-43E7-8308-CA0E9E42BABB}") = "AnalysisManagerXTandemHPCPlugIn", "AnalysisManagerXTandemHPCPlugIn.vbproj", "{E26245DB-FE3B-4CDB-8B39-B989BE7BE52C}"
EndProject
Global
	GlobalSection(SolutionConfigurationPlatforms) = preSolution
		Debug|Any CPU = Debug|Any CPU
		Release|Any CPU = Release|Any CPU
	EndGlobalSection
	GlobalSection(ProjectConfigurationPlatforms) = postSolution
		{E26245DB-FE3B-4CDB-8B39-B989BE7BE52C}.Debug|Any CPU.ActiveCfg = Debug|Any CPU
		{E26245DB-FE3B-4CDB-8B39-B989BE7BE52C}.Debug|Any CPU.Build.0 = Debug|Any CPU
		{E26245DB-FE3B-4CDB-8B39-B989BE7BE52C}.Release|Any CPU.ActiveCfg = Release|Any CPU
		{E26245DB-FE3B-4CDB-8B39-B989BE7BE52C}.Release|Any CPU.Build.0 = Release|Any CPU
	EndGlobalSection
	GlobalSection(SolutionProperties) = preSolution
		HideSolutionNode = FALSE
	EndGlobalSection
EndGlobal
