
Microsoft Visual Studio Solution File, Format Version 12.00
# Visual Studio Version 16
VisualStudioVersion = 16.0.30320.27
MinimumVisualStudioVersion = 10.0.40219.1
Project("{FAE04EC0-301F-11D3-BF4B-00C04F79EFBC}") = "MASIC_ReporterIonObsStatsUploader", "MASIC_ReporterIonObsStatsUploader.csproj", "{721EEB4A-243E-4CB6-9B6A-6EE0E7F826B6}"
EndProject
Global
	GlobalSection(SolutionConfigurationPlatforms) = preSolution
		Debug|Any CPU = Debug|Any CPU
		Release|Any CPU = Release|Any CPU
	EndGlobalSection
	GlobalSection(ProjectConfigurationPlatforms) = postSolution
		{721EEB4A-243E-4CB6-9B6A-6EE0E7F826B6}.Debug|Any CPU.ActiveCfg = Debug|Any CPU
		{721EEB4A-243E-4CB6-9B6A-6EE0E7F826B6}.Debug|Any CPU.Build.0 = Debug|Any CPU
		{721EEB4A-243E-4CB6-9B6A-6EE0E7F826B6}.Release|Any CPU.ActiveCfg = Release|Any CPU
		{721EEB4A-243E-4CB6-9B6A-6EE0E7F826B6}.Release|Any CPU.Build.0 = Release|Any CPU
	EndGlobalSection
	GlobalSection(SolutionProperties) = preSolution
		HideSolutionNode = FALSE
	EndGlobalSection
	GlobalSection(ExtensibilityGlobals) = postSolution
		SolutionGuid = {A59D398B-3170-4EE8-AB4D-C49488082F3F}
	EndGlobalSection
EndGlobal
